
Microsoft Visual Studio Solution File, Format Version 11.00
# Visual Studio 2010
Project("{FAE04EC0-301F-11D3-BF4B-00C04F79EFBC}") = "ParseStarterProject", "ParseStarterProject\ParseStarterProject.csproj", "{EEE1BB2A-12D9-4784-B82F-032FB6ED6E04}"
EndProject
Global
	GlobalSection(SolutionConfigurationPlatforms) = preSolution
		Debug|iPhoneSimulator = Debug|iPhoneSimulator
		Release|iPhoneSimulator = Release|iPhoneSimulator
		Debug|iPhone = Debug|iPhone
		Release|iPhone = Release|iPhone
	EndGlobalSection
	GlobalSection(ProjectConfigurationPlatforms) = postSolution
		{EEE1BB2A-12D9-4784-B82F-032FB6ED6E04}.Debug|iPhone.ActiveCfg = Debug|iPhone
		{EEE1BB2A-12D9-4784-B82F-032FB6ED6E04}.Debug|iPhone.Build.0 = Debug|iPhone
		{EEE1BB2A-12D9-4784-B82F-032FB6ED6E04}.Debug|iPhoneSimulator.ActiveCfg = Debug|iPhoneSimulator
		{EEE1BB2A-12D9-4784-B82F-032FB6ED6E04}.Debug|iPhoneSimulator.Build.0 = Debug|iPhoneSimulator
		{EEE1BB2A-12D9-4784-B82F-032FB6ED6E04}.Release|iPhone.ActiveCfg = Release|iPhone
		{EEE1BB2A-12D9-4784-B82F-032FB6ED6E04}.Release|iPhone.Build.0 = Release|iPhone
		{EEE1BB2A-12D9-4784-B82F-032FB6ED6E04}.Release|iPhoneSimulator.ActiveCfg = Release|iPhoneSimulator
		{EEE1BB2A-12D9-4784-B82F-032FB6ED6E04}.Release|iPhoneSimulator.Build.0 = Release|iPhoneSimulator
	EndGlobalSection
	GlobalSection(MonoDevelopProperties) = preSolution
		StartupItem = ParseStarterProject\ParseStarterProject.csproj
	EndGlobalSection
EndGlobal
