
Microsoft Visual Studio Solution File, Format Version 11.00
# Visual Studio 2010
Project("{FAE04EC0-301F-11D3-BF4B-00C04F79EFBC}") = "sample", "sample\sample.csproj", "{46E7FC5A-B81F-4A2D-9DFF-2D7502207BEF}"
EndProject
Project("{FAE04EC0-301F-11D3-BF4B-00C04F79EFBC}") = "binding", "binding\binding.csproj", "{C4E421D9-589F-4266-AA61-6722E60DD628}"
EndProject
Global
	GlobalSection(SolutionConfigurationPlatforms) = preSolution
		Debug|Any CPU = Debug|Any CPU
		Release|Any CPU = Release|Any CPU
		Debug|iPhoneSimulator = Debug|iPhoneSimulator
		Release|iPhoneSimulator = Release|iPhoneSimulator
		Debug|iPhone = Debug|iPhone
		Release|iPhone = Release|iPhone
		Ad-Hoc|iPhone = Ad-Hoc|iPhone
		AppStore|iPhone = AppStore|iPhone
	EndGlobalSection
	GlobalSection(ProjectConfigurationPlatforms) = postSolution
		{46E7FC5A-B81F-4A2D-9DFF-2D7502207BEF}.Ad-Hoc|iPhone.ActiveCfg = Ad-Hoc|iPhone
		{46E7FC5A-B81F-4A2D-9DFF-2D7502207BEF}.Ad-Hoc|iPhone.Build.0 = Ad-Hoc|iPhone
		{46E7FC5A-B81F-4A2D-9DFF-2D7502207BEF}.AppStore|iPhone.ActiveCfg = AppStore|iPhone
		{46E7FC5A-B81F-4A2D-9DFF-2D7502207BEF}.AppStore|iPhone.Build.0 = AppStore|iPhone
		{46E7FC5A-B81F-4A2D-9DFF-2D7502207BEF}.Debug|Any CPU.ActiveCfg = Debug|iPhoneSimulator
		{46E7FC5A-B81F-4A2D-9DFF-2D7502207BEF}.Debug|Any CPU.Build.0 = Debug|iPhoneSimulator
		{46E7FC5A-B81F-4A2D-9DFF-2D7502207BEF}.Debug|iPhone.ActiveCfg = Debug|iPhone
		{46E7FC5A-B81F-4A2D-9DFF-2D7502207BEF}.Debug|iPhone.Build.0 = Debug|iPhone
		{46E7FC5A-B81F-4A2D-9DFF-2D7502207BEF}.Debug|iPhoneSimulator.ActiveCfg = Debug|iPhoneSimulator
		{46E7FC5A-B81F-4A2D-9DFF-2D7502207BEF}.Debug|iPhoneSimulator.Build.0 = Debug|iPhoneSimulator
		{46E7FC5A-B81F-4A2D-9DFF-2D7502207BEF}.Release|Any CPU.ActiveCfg = Release|iPhoneSimulator
		{46E7FC5A-B81F-4A2D-9DFF-2D7502207BEF}.Release|Any CPU.Build.0 = Release|iPhoneSimulator
		{46E7FC5A-B81F-4A2D-9DFF-2D7502207BEF}.Release|iPhone.ActiveCfg = Release|iPhone
		{46E7FC5A-B81F-4A2D-9DFF-2D7502207BEF}.Release|iPhone.Build.0 = Release|iPhone
		{46E7FC5A-B81F-4A2D-9DFF-2D7502207BEF}.Release|iPhoneSimulator.ActiveCfg = Release|iPhoneSimulator
		{46E7FC5A-B81F-4A2D-9DFF-2D7502207BEF}.Release|iPhoneSimulator.Build.0 = Release|iPhoneSimulator
		{C4E421D9-589F-4266-AA61-6722E60DD628}.Ad-Hoc|iPhone.ActiveCfg = Debug|Any CPU
		{C4E421D9-589F-4266-AA61-6722E60DD628}.Ad-Hoc|iPhone.Build.0 = Debug|Any CPU
		{C4E421D9-589F-4266-AA61-6722E60DD628}.AppStore|iPhone.ActiveCfg = Debug|Any CPU
		{C4E421D9-589F-4266-AA61-6722E60DD628}.AppStore|iPhone.Build.0 = Debug|Any CPU
		{C4E421D9-589F-4266-AA61-6722E60DD628}.Debug|Any CPU.ActiveCfg = Debug|Any CPU
		{C4E421D9-589F-4266-AA61-6722E60DD628}.Debug|Any CPU.Build.0 = Debug|Any CPU
		{C4E421D9-589F-4266-AA61-6722E60DD628}.Debug|iPhone.ActiveCfg = Debug|Any CPU
		{C4E421D9-589F-4266-AA61-6722E60DD628}.Debug|iPhone.Build.0 = Debug|Any CPU
		{C4E421D9-589F-4266-AA61-6722E60DD628}.Debug|iPhoneSimulator.ActiveCfg = Debug|Any CPU
		{C4E421D9-589F-4266-AA61-6722E60DD628}.Debug|iPhoneSimulator.Build.0 = Debug|Any CPU
		{C4E421D9-589F-4266-AA61-6722E60DD628}.Release|Any CPU.ActiveCfg = Release|Any CPU
		{C4E421D9-589F-4266-AA61-6722E60DD628}.Release|Any CPU.Build.0 = Release|Any CPU
		{C4E421D9-589F-4266-AA61-6722E60DD628}.Release|iPhone.ActiveCfg = Release|Any CPU
		{C4E421D9-589F-4266-AA61-6722E60DD628}.Release|iPhone.Build.0 = Release|Any CPU
		{C4E421D9-589F-4266-AA61-6722E60DD628}.Release|iPhoneSimulator.ActiveCfg = Release|Any CPU
		{C4E421D9-589F-4266-AA61-6722E60DD628}.Release|iPhoneSimulator.Build.0 = Release|Any CPU
	EndGlobalSection
	GlobalSection(MonoDevelopProperties) = preSolution
		StartupItem = sample\sample.csproj
	EndGlobalSection
EndGlobal
