
Microsoft Visual Studio Solution File, Format Version 11.00
# Visual Studio 2010
Project("{FAE04EC0-301F-11D3-BF4B-00C04F79EFBC}") = "DropBoxSyncSampleMTD", "DropBoxSyncSampleMTD\DropBoxSyncSampleMTD.csproj", "{25AF25F8-EF70-4BE8-B8F1-661D9A71850C}"
EndProject
Global
	GlobalSection(SolutionConfigurationPlatforms) = preSolution
		Debug|iPhoneSimulator = Debug|iPhoneSimulator
		Release|iPhoneSimulator = Release|iPhoneSimulator
		Debug|iPhone = Debug|iPhone
		Release|iPhone = Release|iPhone
		Ad-Hoc|iPhone = Ad-Hoc|iPhone
		AppStore|iPhone = AppStore|iPhone
	EndGlobalSection
	GlobalSection(ProjectConfigurationPlatforms) = postSolution
		{25AF25F8-EF70-4BE8-B8F1-661D9A71850C}.Ad-Hoc|iPhone.ActiveCfg = Ad-Hoc|iPhone
		{25AF25F8-EF70-4BE8-B8F1-661D9A71850C}.Ad-Hoc|iPhone.Build.0 = Ad-Hoc|iPhone
		{25AF25F8-EF70-4BE8-B8F1-661D9A71850C}.AppStore|iPhone.ActiveCfg = AppStore|iPhone
		{25AF25F8-EF70-4BE8-B8F1-661D9A71850C}.AppStore|iPhone.Build.0 = AppStore|iPhone
		{25AF25F8-EF70-4BE8-B8F1-661D9A71850C}.Debug|iPhone.ActiveCfg = Debug|iPhone
		{25AF25F8-EF70-4BE8-B8F1-661D9A71850C}.Debug|iPhone.Build.0 = Debug|iPhone
		{25AF25F8-EF70-4BE8-B8F1-661D9A71850C}.Debug|iPhoneSimulator.ActiveCfg = Debug|iPhoneSimulator
		{25AF25F8-EF70-4BE8-B8F1-661D9A71850C}.Debug|iPhoneSimulator.Build.0 = Debug|iPhoneSimulator
		{25AF25F8-EF70-4BE8-B8F1-661D9A71850C}.Release|iPhone.ActiveCfg = Release|iPhone
		{25AF25F8-EF70-4BE8-B8F1-661D9A71850C}.Release|iPhone.Build.0 = Release|iPhone
		{25AF25F8-EF70-4BE8-B8F1-661D9A71850C}.Release|iPhoneSimulator.ActiveCfg = Release|iPhoneSimulator
		{25AF25F8-EF70-4BE8-B8F1-661D9A71850C}.Release|iPhoneSimulator.Build.0 = Release|iPhoneSimulator
	EndGlobalSection
	GlobalSection(MonoDevelopProperties) = preSolution
		StartupItem = DropBoxSyncSampleMTD\DropBoxSyncSampleMTD.csproj
	EndGlobalSection
EndGlobal
