
Microsoft Visual Studio Solution File, Format Version 11.00
# Visual Studio 2010
Project("{FAE04EC0-301F-11D3-BF4B-00C04F79EFBC}") = "AlexTouch.GoogleAdMobAds", "AlexTouch.GoogleAdMobAds\AlexTouch.GoogleAdMobAds.csproj", "{C0481DD6-2993-4AFF-98AC-47C004EF41BB}"
EndProject
Global
	GlobalSection(SolutionConfigurationPlatforms) = preSolution
		Debug|Any CPU = Debug|Any CPU
		Release|Any CPU = Release|Any CPU
	EndGlobalSection
	GlobalSection(ProjectConfigurationPlatforms) = postSolution
		{C0481DD6-2993-4AFF-98AC-47C004EF41BB}.Debug|Any CPU.ActiveCfg = Debug|Any CPU
		{C0481DD6-2993-4AFF-98AC-47C004EF41BB}.Debug|Any CPU.Build.0 = Debug|Any CPU
		{C0481DD6-2993-4AFF-98AC-47C004EF41BB}.Release|Any CPU.ActiveCfg = Release|Any CPU
		{C0481DD6-2993-4AFF-98AC-47C004EF41BB}.Release|Any CPU.Build.0 = Release|Any CPU
	EndGlobalSection
	GlobalSection(MonoDevelopProperties) = preSolution
		StartupItem = AlexTouch.GoogleAdMobAds\AlexTouch.GoogleAdMobAds.csproj
	EndGlobalSection
EndGlobal
