
Microsoft Visual Studio Solution File, Format Version 11.00
# Visual Studio 2010
Project("{FAE04EC0-301F-11D3-BF4B-00C04F79EFBC}") = "CardIOSampleiOS", "CardIOSampleiOS\CardIOSampleiOS.csproj", "{951B31ED-C6B5-4F8E-B66E-78DD635B9151}"
EndProject
Project("{FAE04EC0-301F-11D3-BF4B-00C04F79EFBC}") = "Card.IO.iOS", "..\..\binding\Card.IO.iOS.csproj", "{91D97F69-DE76-405B-BA3B-614B65B52143}"
EndProject
Global
	GlobalSection(SolutionConfigurationPlatforms) = preSolution
		Debug|Any CPU = Debug|Any CPU
		Release|Any CPU = Release|Any CPU
		Debug|iPhoneSimulator = Debug|iPhoneSimulator
		Release|iPhoneSimulator = Release|iPhoneSimulator
		Debug|iPhone = Debug|iPhone
		Release|iPhone = Release|iPhone
		Ad-Hoc|iPhone = Ad-Hoc|iPhone
		AppStore|iPhone = AppStore|iPhone
	EndGlobalSection
	GlobalSection(ProjectConfigurationPlatforms) = postSolution
		{91D97F69-DE76-405B-BA3B-614B65B52143}.Ad-Hoc|iPhone.ActiveCfg = Release|Any CPU
		{91D97F69-DE76-405B-BA3B-614B65B52143}.Ad-Hoc|iPhone.Build.0 = Release|Any CPU
		{91D97F69-DE76-405B-BA3B-614B65B52143}.AppStore|iPhone.ActiveCfg = Release|Any CPU
		{91D97F69-DE76-405B-BA3B-614B65B52143}.AppStore|iPhone.Build.0 = Release|Any CPU
		{91D97F69-DE76-405B-BA3B-614B65B52143}.Debug|Any CPU.ActiveCfg = Debug|Any CPU
		{91D97F69-DE76-405B-BA3B-614B65B52143}.Debug|Any CPU.Build.0 = Debug|Any CPU
		{91D97F69-DE76-405B-BA3B-614B65B52143}.Debug|iPhone.ActiveCfg = Debug|Any CPU
		{91D97F69-DE76-405B-BA3B-614B65B52143}.Debug|iPhone.Build.0 = Debug|Any CPU
		{91D97F69-DE76-405B-BA3B-614B65B52143}.Debug|iPhoneSimulator.ActiveCfg = Debug|Any CPU
		{91D97F69-DE76-405B-BA3B-614B65B52143}.Debug|iPhoneSimulator.Build.0 = Debug|Any CPU
		{91D97F69-DE76-405B-BA3B-614B65B52143}.Release|Any CPU.ActiveCfg = Release|Any CPU
		{91D97F69-DE76-405B-BA3B-614B65B52143}.Release|Any CPU.Build.0 = Release|Any CPU
		{91D97F69-DE76-405B-BA3B-614B65B52143}.Release|iPhone.ActiveCfg = Release|Any CPU
		{91D97F69-DE76-405B-BA3B-614B65B52143}.Release|iPhone.Build.0 = Release|Any CPU
		{91D97F69-DE76-405B-BA3B-614B65B52143}.Release|iPhoneSimulator.ActiveCfg = Release|Any CPU
		{91D97F69-DE76-405B-BA3B-614B65B52143}.Release|iPhoneSimulator.Build.0 = Release|Any CPU
		{951B31ED-C6B5-4F8E-B66E-78DD635B9151}.Ad-Hoc|iPhone.ActiveCfg = Ad-Hoc|iPhone
		{951B31ED-C6B5-4F8E-B66E-78DD635B9151}.Ad-Hoc|iPhone.Build.0 = Ad-Hoc|iPhone
		{951B31ED-C6B5-4F8E-B66E-78DD635B9151}.AppStore|iPhone.ActiveCfg = AppStore|iPhone
		{951B31ED-C6B5-4F8E-B66E-78DD635B9151}.AppStore|iPhone.Build.0 = AppStore|iPhone
		{951B31ED-C6B5-4F8E-B66E-78DD635B9151}.Debug|Any CPU.ActiveCfg = Debug|iPhoneSimulator
		{951B31ED-C6B5-4F8E-B66E-78DD635B9151}.Debug|Any CPU.Build.0 = Debug|iPhoneSimulator
		{951B31ED-C6B5-4F8E-B66E-78DD635B9151}.Debug|iPhone.ActiveCfg = Debug|iPhone
		{951B31ED-C6B5-4F8E-B66E-78DD635B9151}.Debug|iPhone.Build.0 = Debug|iPhone
		{951B31ED-C6B5-4F8E-B66E-78DD635B9151}.Debug|iPhoneSimulator.ActiveCfg = Debug|iPhoneSimulator
		{951B31ED-C6B5-4F8E-B66E-78DD635B9151}.Debug|iPhoneSimulator.Build.0 = Debug|iPhoneSimulator
		{951B31ED-C6B5-4F8E-B66E-78DD635B9151}.Release|Any CPU.ActiveCfg = Release|iPhoneSimulator
		{951B31ED-C6B5-4F8E-B66E-78DD635B9151}.Release|Any CPU.Build.0 = Release|iPhoneSimulator
		{951B31ED-C6B5-4F8E-B66E-78DD635B9151}.Release|iPhone.ActiveCfg = Release|iPhone
		{951B31ED-C6B5-4F8E-B66E-78DD635B9151}.Release|iPhone.Build.0 = Release|iPhone
		{951B31ED-C6B5-4F8E-B66E-78DD635B9151}.Release|iPhoneSimulator.ActiveCfg = Release|iPhoneSimulator
		{951B31ED-C6B5-4F8E-B66E-78DD635B9151}.Release|iPhoneSimulator.Build.0 = Release|iPhoneSimulator
	EndGlobalSection
	GlobalSection(MonoDevelopProperties) = preSolution
		StartupItem = CardIOSampleiOS\CardIOSampleiOS.csproj
	EndGlobalSection
EndGlobal
