
Microsoft Visual Studio Solution File, Format Version 11.00
# Visual Studio 2010
Project("{FAE04EC0-301F-11D3-BF4B-00C04F79EFBC}") = "MGSplitViewSample", "MGSplitViewSample\MGSplitViewSample.csproj", "{454F613E-118B-4F1E-BDCE-B018292CA07E}"
EndProject
Global
	GlobalSection(SolutionConfigurationPlatforms) = preSolution
		Debug|iPhoneSimulator = Debug|iPhoneSimulator
		Release|iPhoneSimulator = Release|iPhoneSimulator
		Debug|iPhone = Debug|iPhone
		Release|iPhone = Release|iPhone
	EndGlobalSection
	GlobalSection(ProjectConfigurationPlatforms) = postSolution
		{454F613E-118B-4F1E-BDCE-B018292CA07E}.Debug|iPhone.ActiveCfg = Debug|iPhone
		{454F613E-118B-4F1E-BDCE-B018292CA07E}.Debug|iPhone.Build.0 = Debug|iPhone
		{454F613E-118B-4F1E-BDCE-B018292CA07E}.Debug|iPhoneSimulator.ActiveCfg = Debug|iPhoneSimulator
		{454F613E-118B-4F1E-BDCE-B018292CA07E}.Debug|iPhoneSimulator.Build.0 = Debug|iPhoneSimulator
		{454F613E-118B-4F1E-BDCE-B018292CA07E}.Release|iPhone.ActiveCfg = Release|iPhone
		{454F613E-118B-4F1E-BDCE-B018292CA07E}.Release|iPhone.Build.0 = Release|iPhone
		{454F613E-118B-4F1E-BDCE-B018292CA07E}.Release|iPhoneSimulator.ActiveCfg = Release|iPhoneSimulator
		{454F613E-118B-4F1E-BDCE-B018292CA07E}.Release|iPhoneSimulator.Build.0 = Release|iPhoneSimulator
	EndGlobalSection
	GlobalSection(MonoDevelopProperties) = preSolution
		StartupItem = MGSplitViewSample\MGSplitViewSample.csproj
	EndGlobalSection
EndGlobal
