
Microsoft Visual Studio Solution File, Format Version 11.00
# Visual Studio 2010
Project("{FAE04EC0-301F-11D3-BF4B-00C04F79EFBC}") = "TSMiniWebBrowser-Classic", "TSMiniWebBrowser-Classic.csproj", "{4E990B2B-A8B7-45C6-8383-DBFF73974741}"
EndProject
Project("{FAE04EC0-301F-11D3-BF4B-00C04F79EFBC}") = "TSMiniWebBrowser", "TSMiniWebBrowser.csproj", "{FF4DE794-A2BB-4316-9836-C96E79303225}"
EndProject
Global
	GlobalSection(SolutionConfigurationPlatforms) = preSolution
		Debug|Any CPU = Debug|Any CPU
		Release|Any CPU = Release|Any CPU
	EndGlobalSection
	GlobalSection(ProjectConfigurationPlatforms) = postSolution
		{4E990B2B-A8B7-45C6-8383-DBFF73974741}.Debug|Any CPU.ActiveCfg = Debug|Any CPU
		{4E990B2B-A8B7-45C6-8383-DBFF73974741}.Debug|Any CPU.Build.0 = Debug|Any CPU
		{4E990B2B-A8B7-45C6-8383-DBFF73974741}.Release|Any CPU.ActiveCfg = Release|Any CPU
		{4E990B2B-A8B7-45C6-8383-DBFF73974741}.Release|Any CPU.Build.0 = Release|Any CPU
		{FF4DE794-A2BB-4316-9836-C96E79303225}.Debug|Any CPU.ActiveCfg = Debug|Any CPU
		{FF4DE794-A2BB-4316-9836-C96E79303225}.Debug|Any CPU.Build.0 = Debug|Any CPU
		{FF4DE794-A2BB-4316-9836-C96E79303225}.Release|Any CPU.ActiveCfg = Release|Any CPU
		{FF4DE794-A2BB-4316-9836-C96E79303225}.Release|Any CPU.Build.0 = Release|Any CPU
	EndGlobalSection
	GlobalSection(MonoDevelopProperties) = preSolution
		StartupItem = TSMiniWebBrowser-Classic.csproj
	EndGlobalSection
	GlobalSection(SolutionProperties) = preSolution
		HideSolutionNode = FALSE
	EndGlobalSection
EndGlobal
