
Microsoft Visual Studio Solution File, Format Version 11.00
# Visual Studio 2010
Project("{FAE04EC0-301F-11D3-BF4B-00C04F79EFBC}") = "AmazonLogInSample", "AmazonLogInSample\AmazonLogInSample.csproj", "{DD51E9A6-1342-4411-AD80-81C5307A84EE}"
EndProject
Global
	GlobalSection(SolutionConfigurationPlatforms) = preSolution
		Debug|iPhoneSimulator = Debug|iPhoneSimulator
		Release|iPhoneSimulator = Release|iPhoneSimulator
		Debug|iPhone = Debug|iPhone
		Release|iPhone = Release|iPhone
		Ad-Hoc|iPhone = Ad-Hoc|iPhone
		AppStore|iPhone = AppStore|iPhone
	EndGlobalSection
	GlobalSection(ProjectConfigurationPlatforms) = postSolution
		{DD51E9A6-1342-4411-AD80-81C5307A84EE}.Ad-Hoc|iPhone.ActiveCfg = Ad-Hoc|iPhone
		{DD51E9A6-1342-4411-AD80-81C5307A84EE}.Ad-Hoc|iPhone.Build.0 = Ad-Hoc|iPhone
		{DD51E9A6-1342-4411-AD80-81C5307A84EE}.AppStore|iPhone.ActiveCfg = AppStore|iPhone
		{DD51E9A6-1342-4411-AD80-81C5307A84EE}.AppStore|iPhone.Build.0 = AppStore|iPhone
		{DD51E9A6-1342-4411-AD80-81C5307A84EE}.Debug|iPhone.ActiveCfg = Debug|iPhone
		{DD51E9A6-1342-4411-AD80-81C5307A84EE}.Debug|iPhone.Build.0 = Debug|iPhone
		{DD51E9A6-1342-4411-AD80-81C5307A84EE}.Debug|iPhoneSimulator.ActiveCfg = Debug|iPhoneSimulator
		{DD51E9A6-1342-4411-AD80-81C5307A84EE}.Debug|iPhoneSimulator.Build.0 = Debug|iPhoneSimulator
		{DD51E9A6-1342-4411-AD80-81C5307A84EE}.Release|iPhone.ActiveCfg = Release|iPhone
		{DD51E9A6-1342-4411-AD80-81C5307A84EE}.Release|iPhone.Build.0 = Release|iPhone
		{DD51E9A6-1342-4411-AD80-81C5307A84EE}.Release|iPhoneSimulator.ActiveCfg = Release|iPhoneSimulator
		{DD51E9A6-1342-4411-AD80-81C5307A84EE}.Release|iPhoneSimulator.Build.0 = Release|iPhoneSimulator
	EndGlobalSection
	GlobalSection(MonoDevelopProperties) = preSolution
		StartupItem = AmazonLogInSample\AmazonLogInSample.csproj
	EndGlobalSection
EndGlobal
