// !$*UTF8*$!
{
	archiveVersion = 1;
	classes = {
	};
	objectVersion = 46;
	objects = {

/* Begin PBXBuildFile section */
		37E5208C1A5ECD8100119980 /* iCarousel.h in CopyFiles */ = {isa = PBXBuildFile; fileRef = 37E5208B1A5ECD8100119980 /* iCarousel.h */; };
		37E5208E1A5ECD8100119980 /* iCarousel.m in Sources */ = {isa = PBXBuildFile; fileRef = 37E5208D1A5ECD8100119980 /* iCarousel.m */; };
/* End PBXBuildFile section */

/* Begin PBXCopyFilesBuildPhase section */
		37E520861A5ECD8100119980 /* CopyFiles */ = {
			isa = PBXCopyFilesBuildPhase;
			buildActionMask = 2147483647;
			dstPath = "include/$(PRODUCT_NAME)";
			dstSubfolderSpec = 16;
			files = (
				37E5208C1A5ECD8100119980 /* iCarousel.h in CopyFiles */,
			);
			runOnlyForDeploymentPostprocessing = 0;
		};
/* End PBXCopyFilesBuildPhase section */

/* Begin PBXFileReference section */
		37E520881A5ECD8100119980 /* libiCarousel.a */ = {isa = PBXFileReference; explicitFileType = archive.ar; includeInIndex = 0; path = libiCarousel.a; sourceTree = BUILT_PRODUCTS_DIR; };
		37E5208B1A5ECD8100119980 /* iCarousel.h */ = {isa = PBXFileReference; lastKnownFileType = sourcecode.c.h; path = iCarousel.h; sourceTree = "<group>"; };
		37E5208D1A5ECD8100119980 /* iCarousel.m */ = {isa = PBXFileReference; lastKnownFileType = sourcecode.c.objc; path = iCarousel.m; sourceTree = "<group>"; };
/* End PBXFileReference section */

/* Begin PBXFrameworksBuildPhase section */
		37E520851A5ECD8100119980 /* Frameworks */ = {
			isa = PBXFrameworksBuildPhase;
			buildActionMask = 2147483647;
			files = (
			);
			runOnlyForDeploymentPostprocessing = 0;
		};
/* End PBXFrameworksBuildPhase section */

/* Begin PBXGroup section */
		37E5207F1A5ECD8100119980 = {
			isa = PBXGroup;
			children = (
				37E5208A1A5ECD8100119980 /* iCarousel */,
				37E520891A5ECD8100119980 /* Products */,
			);
			sourceTree = "<group>";
		};
		37E520891A5ECD8100119980 /* Products */ = {
			isa = PBXGroup;
			children = (
				37E520881A5ECD8100119980 /* libiCarousel.a */,
			);
			name = Products;
			sourceTree = "<group>";
		};
		37E5208A1A5ECD8100119980 /* iCarousel */ = {
			isa = PBXGroup;
			children = (
				37E5208B1A5ECD8100119980 /* iCarousel.h */,
				37E5208D1A5ECD8100119980 /* iCarousel.m */,
			);
			path = iCarousel;
			sourceTree = "<group>";
		};
/* End PBXGroup section */

/* Begin PBXNativeTarget section */
		37E520871A5ECD8100119980 /* iCarousel */ = {
			isa = PBXNativeTarget;
			buildConfigurationList = 37E5209C1A5ECD8100119980 /* Build configuration list for PBXNativeTarget "iCarousel" */;
			buildPhases = (
				37E520841A5ECD8100119980 /* Sources */,
				37E520851A5ECD8100119980 /* Frameworks */,
				37E520861A5ECD8100119980 /* CopyFiles */,
			);
			buildRules = (
			);
			dependencies = (
			);
			name = iCarousel;
			productName = iCarousel;
			productReference = 37E520881A5ECD8100119980 /* libiCarousel.a */;
			productType = "com.apple.product-type.library.static";
		};
/* End PBXNativeTarget section */

/* Begin PBXProject section */
		37E520801A5ECD8100119980 /* Project object */ = {
			isa = PBXProject;
			attributes = {
				LastUpgradeCheck = 0610;
				ORGANIZATIONNAME = "Nicolas Verinaud";
				TargetAttributes = {
					37E520871A5ECD8100119980 = {
						CreatedOnToolsVersion = 6.1.1;
					};
				};
			};
			buildConfigurationList = 37E520831A5ECD8100119980 /* Build configuration list for PBXProject "iCarousel" */;
			compatibilityVersion = "Xcode 3.2";
			developmentRegion = English;
			hasScannedForEncodings = 0;
			knownRegions = (
				en,
			);
			mainGroup = 37E5207F1A5ECD8100119980;
			productRefGroup = 37E520891A5ECD8100119980 /* Products */;
			projectDirPath = "";
			projectRoot = "";
			targets = (
				37E520871A5ECD8100119980 /* iCarousel */,
			);
		};
/* End PBXProject section */

/* Begin PBXSourcesBuildPhase section */
		37E520841A5ECD8100119980 /* Sources */ = {
			isa = PBXSourcesBuildPhase;
			buildActionMask = 2147483647;
			files = (
				37E5208E1A5ECD8100119980 /* iCarousel.m in Sources */,
			);
			runOnlyForDeploymentPostprocessing = 0;
		};
/* End PBXSourcesBuildPhase section */

/* Begin XCBuildConfiguration section */
		37E5209A1A5ECD8100119980 /* Debug */ = {
			isa = XCBuildConfiguration;
			buildSettings = {
				ALWAYS_SEARCH_USER_PATHS = NO;
				CLANG_CXX_LANGUAGE_STANDARD = "gnu++0x";
				CLANG_CXX_LIBRARY = "libc++";
				CLANG_ENABLE_MODULES = YES;
				CLANG_ENABLE_OBJC_ARC = YES;
				CLANG_WARN_BOOL_CONVERSION = YES;
				CLANG_WARN_CONSTANT_CONVERSION = YES;
				CLANG_WARN_DIRECT_OBJC_ISA_USAGE = YES_ERROR;
				CLANG_WARN_EMPTY_BODY = YES;
				CLANG_WARN_ENUM_CONVERSION = YES;
				CLANG_WARN_INT_CONVERSION = YES;
				CLANG_WARN_OBJC_ROOT_CLASS = YES_ERROR;
				CLANG_WARN_UNREACHABLE_CODE = YES;
				CLANG_WARN__DUPLICATE_METHOD_MATCH = YES;
				COPY_PHASE_STRIP = NO;
				ENABLE_STRICT_OBJC_MSGSEND = YES;
				GCC_C_LANGUAGE_STANDARD = gnu99;
				GCC_DYNAMIC_NO_PIC = NO;
				GCC_OPTIMIZATION_LEVEL = 0;
				GCC_PREPROCESSOR_DEFINITIONS = (
					"DEBUG=1",
					"$(inherited)",
				);
				GCC_SYMBOLS_PRIVATE_EXTERN = NO;
				GCC_WARN_64_TO_32_BIT_CONVERSION = YES;
				GCC_WARN_ABOUT_RETURN_TYPE = YES_ERROR;
				GCC_WARN_UNDECLARED_SELECTOR = YES;
				GCC_WARN_UNINITIALIZED_AUTOS = YES_AGGRESSIVE;
				GCC_WARN_UNUSED_FUNCTION = YES;
				GCC_WARN_UNUSED_VARIABLE = YES;
				IPHONEOS_DEPLOYMENT_TARGET = 8.1;
				MTL_ENABLE_DEBUG_INFO = YES;
				ONLY_ACTIVE_ARCH = YES;
				SDKROOT = iphoneos;
			};
			name = Debug;
		};
		37E5209B1A5ECD8100119980 /* Release */ = {
			isa = XCBuildConfiguration;
			buildSettings = {
				ALWAYS_SEARCH_USER_PATHS = NO;
				CLANG_CXX_LANGUAGE_STANDARD = "gnu++0x";
				CLANG_CXX_LIBRARY = "libc++";
				CLANG_ENABLE_MODULES = YES;
				CLANG_ENABLE_OBJC_ARC = YES;
				CLANG_WARN_BOOL_CONVERSION = YES;
				CLANG_WARN_CONSTANT_CONVERSION = YES;
				CLANG_WARN_DIRECT_OBJC_ISA_USAGE = YES_ERROR;
				CLANG_WARN_EMPTY_BODY = YES;
				CLANG_WARN_ENUM_CONVERSION = YES;
				CLANG_WARN_INT_CONVERSION = YES;
				CLANG_WARN_OBJC_ROOT_CLASS = YES_ERROR;
				CLANG_WARN_UNREACHABLE_CODE = YES;
				CLANG_WARN__DUPLICATE_METHOD_MATCH = YES;
				COPY_PHASE_STRIP = YES;
				ENABLE_NS_ASSERTIONS = NO;
				ENABLE_STRICT_OBJC_MSGSEND = YES;
				GCC_C_LANGUAGE_STANDARD = gnu99;
				GCC_WARN_64_TO_32_BIT_CONVERSION = YES;
				GCC_WARN_ABOUT_RETURN_TYPE = YES_ERROR;
				GCC_WARN_UNDECLARED_SELECTOR = YES;
				GCC_WARN_UNINITIALIZED_AUTOS = YES_AGGRESSIVE;
				GCC_WARN_UNUSED_FUNCTION = YES;
				GCC_WARN_UNUSED_VARIABLE = YES;
				IPHONEOS_DEPLOYMENT_TARGET = 8.1;
				MTL_ENABLE_DEBUG_INFO = NO;
				SDKROOT = iphoneos;
				VALIDATE_PRODUCT = YES;
			};
			name = Release;
		};
		37E5209D1A5ECD8100119980 /* Debug */ = {
			isa = XCBuildConfiguration;
			buildSettings = {
				OTHER_LDFLAGS = "-ObjC";
				PRODUCT_NAME = "$(TARGET_NAME)";
				SKIP_INSTALL = YES;
			};
			name = Debug;
		};
		37E5209E1A5ECD8100119980 /* Release */ = {
			isa = XCBuildConfiguration;
			buildSettings = {
				OTHER_LDFLAGS = "-ObjC";
				PRODUCT_NAME = "$(TARGET_NAME)";
				SKIP_INSTALL = YES;
			};
			name = Release;
		};
/* End XCBuildConfiguration section */

/* Begin XCConfigurationList section */
		37E520831A5ECD8100119980 /* Build configuration list for PBXProject "iCarousel" */ = {
			isa = XCConfigurationList;
			buildConfigurations = (
				37E5209A1A5ECD8100119980 /* Debug */,
				37E5209B1A5ECD8100119980 /* Release */,
			);
			defaultConfigurationIsVisible = 0;
			defaultConfigurationName = Release;
		};
		37E5209C1A5ECD8100119980 /* Build configuration list for PBXNativeTarget "iCarousel" */ = {
			isa = XCConfigurationList;
			buildConfigurations = (
				37E5209D1A5ECD8100119980 /* Debug */,
				37E5209E1A5ECD8100119980 /* Release */,
			);
			defaultConfigurationIsVisible = 0;
		};
/* End XCConfigurationList section */
	};
	rootObject = 37E520801A5ECD8100119980 /* Project object */;
}
