
Microsoft Visual Studio Solution File, Format Version 11.00
# Visual Studio 2010
Project("{FAE04EC0-301F-11D3-BF4B-00C04F79EFBC}") = "AlexTouch.MBProgressHUD", "AlexTouch.MBProgressHUD\AlexTouch.MBProgressHUD.csproj", "{2E37CDD8-240A-472D-A420-219D6134ADE7}"
EndProject
Global
	GlobalSection(SolutionConfigurationPlatforms) = preSolution
		Debug|Any CPU = Debug|Any CPU
		Release|Any CPU = Release|Any CPU
	EndGlobalSection
	GlobalSection(ProjectConfigurationPlatforms) = postSolution
		{2E37CDD8-240A-472D-A420-219D6134ADE7}.Debug|Any CPU.ActiveCfg = Debug|Any CPU
		{2E37CDD8-240A-472D-A420-219D6134ADE7}.Debug|Any CPU.Build.0 = Debug|Any CPU
		{2E37CDD8-240A-472D-A420-219D6134ADE7}.Release|Any CPU.ActiveCfg = Release|Any CPU
		{2E37CDD8-240A-472D-A420-219D6134ADE7}.Release|Any CPU.Build.0 = Release|Any CPU
	EndGlobalSection
	GlobalSection(MonoDevelopProperties) = preSolution
		StartupItem = AlexTouch.MBProgressHUD\AlexTouch.MBProgressHUD.csproj
	EndGlobalSection
EndGlobal
