
Microsoft Visual Studio Solution File, Format Version 11.00
# Visual Studio 2010
Project("{FAE04EC0-301F-11D3-BF4B-00C04F79EFBC}") = "Couchbase", "Couchbase.csproj", "{986453B6-A9DC-4244-9419-7A68EB55B1B2}"
EndProject
Global
	GlobalSection(SolutionConfigurationPlatforms) = preSolution
		Debug|Any CPU = Debug|Any CPU
		Release|Any CPU = Release|Any CPU
	EndGlobalSection
	GlobalSection(ProjectConfigurationPlatforms) = postSolution
		{986453B6-A9DC-4244-9419-7A68EB55B1B2}.Debug|Any CPU.ActiveCfg = Debug|Any CPU
		{986453B6-A9DC-4244-9419-7A68EB55B1B2}.Debug|Any CPU.Build.0 = Debug|Any CPU
		{986453B6-A9DC-4244-9419-7A68EB55B1B2}.Release|Any CPU.ActiveCfg = Release|Any CPU
		{986453B6-A9DC-4244-9419-7A68EB55B1B2}.Release|Any CPU.Build.0 = Release|Any CPU
	EndGlobalSection
	GlobalSection(MonoDevelopProperties) = preSolution
		StartupItem = Couchbase.csproj
	EndGlobalSection
EndGlobal
