
Microsoft Visual Studio Solution File, Format Version 11.00
# Visual Studio 2010
Project("{FAE04EC0-301F-11D3-BF4B-00C04F79EFBC}") = "Couchbase", "Couchbase.csproj", "{986453B6-A9DC-4244-9419-7A68EB55B1B2}"
EndProject
Project("{FAE04EC0-301F-11D3-BF4B-00C04F79EFBC}") = "CouchSample", "..\samples\CouchSample\CouchSample.csproj", "{B8A8CB55-0D27-47A9-8EAC-F067490302CA}"
EndProject
Global
	GlobalSection(SolutionConfigurationPlatforms) = preSolution
		Debug|Any CPU = Debug|Any CPU
		Release|Any CPU = Release|Any CPU
		Debug|iPhoneSimulator = Debug|iPhoneSimulator
		Release|iPhoneSimulator = Release|iPhoneSimulator
		Debug|iPhone = Debug|iPhone
		Release|iPhone = Release|iPhone
		Ad-Hoc|iPhone = Ad-Hoc|iPhone
		AppStore|iPhone = AppStore|iPhone
	EndGlobalSection
	GlobalSection(ProjectConfigurationPlatforms) = postSolution
		{986453B6-A9DC-4244-9419-7A68EB55B1B2}.Debug|Any CPU.ActiveCfg = Debug|Any CPU
		{986453B6-A9DC-4244-9419-7A68EB55B1B2}.Debug|Any CPU.Build.0 = Debug|Any CPU
		{986453B6-A9DC-4244-9419-7A68EB55B1B2}.Release|Any CPU.ActiveCfg = Release|Any CPU
		{986453B6-A9DC-4244-9419-7A68EB55B1B2}.Release|Any CPU.Build.0 = Release|Any CPU
		{B8A8CB55-0D27-47A9-8EAC-F067490302CA}.Ad-Hoc|iPhone.ActiveCfg = Ad-Hoc|iPhone
		{B8A8CB55-0D27-47A9-8EAC-F067490302CA}.Ad-Hoc|iPhone.Build.0 = Ad-Hoc|iPhone
		{B8A8CB55-0D27-47A9-8EAC-F067490302CA}.AppStore|iPhone.ActiveCfg = AppStore|iPhone
		{B8A8CB55-0D27-47A9-8EAC-F067490302CA}.AppStore|iPhone.Build.0 = AppStore|iPhone
		{B8A8CB55-0D27-47A9-8EAC-F067490302CA}.Debug|Any CPU.ActiveCfg = Debug|iPhoneSimulator
		{B8A8CB55-0D27-47A9-8EAC-F067490302CA}.Debug|Any CPU.Build.0 = Debug|iPhoneSimulator
		{B8A8CB55-0D27-47A9-8EAC-F067490302CA}.Debug|iPhone.ActiveCfg = Debug|iPhone
		{B8A8CB55-0D27-47A9-8EAC-F067490302CA}.Debug|iPhone.Build.0 = Debug|iPhone
		{B8A8CB55-0D27-47A9-8EAC-F067490302CA}.Debug|iPhoneSimulator.ActiveCfg = Debug|iPhoneSimulator
		{B8A8CB55-0D27-47A9-8EAC-F067490302CA}.Debug|iPhoneSimulator.Build.0 = Debug|iPhoneSimulator
		{B8A8CB55-0D27-47A9-8EAC-F067490302CA}.Release|Any CPU.ActiveCfg = Release|iPhoneSimulator
		{B8A8CB55-0D27-47A9-8EAC-F067490302CA}.Release|Any CPU.Build.0 = Release|iPhoneSimulator
		{B8A8CB55-0D27-47A9-8EAC-F067490302CA}.Release|iPhone.ActiveCfg = Release|iPhone
		{B8A8CB55-0D27-47A9-8EAC-F067490302CA}.Release|iPhone.Build.0 = Release|iPhone
		{B8A8CB55-0D27-47A9-8EAC-F067490302CA}.Release|iPhoneSimulator.ActiveCfg = Release|iPhoneSimulator
		{B8A8CB55-0D27-47A9-8EAC-F067490302CA}.Release|iPhoneSimulator.Build.0 = Release|iPhoneSimulator
	EndGlobalSection
	GlobalSection(MonoDevelopProperties) = preSolution
		StartupItem = ..\samples\CouchSample\CouchSample.csproj
	EndGlobalSection
EndGlobal
