
Microsoft Visual Studio Solution File, Format Version 12.00
# Visual Studio 2012
Project("{FAE04EC0-301F-11D3-BF4B-00C04F79EFBC}") = "HelloFacebook", "HelloFacebook\HelloFacebook.csproj", "{F622F5FE-A71F-4A3E-B45C-2468DBAA406C}"
EndProject
Project("{FAE04EC0-301F-11D3-BF4B-00C04F79EFBC}") = "Facebook", "..\..\binding\Facebook.csproj", "{B6F34C95-4E37-44F3-AB6A-3DD7DBB61789}"
EndProject
Global
	GlobalSection(SolutionConfigurationPlatforms) = preSolution
		Debug|iPhoneSimulator = Debug|iPhoneSimulator
		Release|iPhone = Release|iPhone
		Release|iPhoneSimulator = Release|iPhoneSimulator
		Debug|iPhone = Debug|iPhone
		Debug|Any CPU = Debug|Any CPU
		Release|Any CPU = Release|Any CPU
	EndGlobalSection
	GlobalSection(ProjectConfigurationPlatforms) = postSolution
		{B6F34C95-4E37-44F3-AB6A-3DD7DBB61789}.Debug|Any CPU.ActiveCfg = Debug|Any CPU
		{B6F34C95-4E37-44F3-AB6A-3DD7DBB61789}.Debug|Any CPU.Build.0 = Debug|Any CPU
		{B6F34C95-4E37-44F3-AB6A-3DD7DBB61789}.Debug|iPhone.ActiveCfg = Debug|Any CPU
		{B6F34C95-4E37-44F3-AB6A-3DD7DBB61789}.Debug|iPhone.Build.0 = Debug|Any CPU
		{B6F34C95-4E37-44F3-AB6A-3DD7DBB61789}.Debug|iPhoneSimulator.ActiveCfg = Debug|Any CPU
		{B6F34C95-4E37-44F3-AB6A-3DD7DBB61789}.Debug|iPhoneSimulator.Build.0 = Debug|Any CPU
		{B6F34C95-4E37-44F3-AB6A-3DD7DBB61789}.Release|Any CPU.ActiveCfg = Release|Any CPU
		{B6F34C95-4E37-44F3-AB6A-3DD7DBB61789}.Release|Any CPU.Build.0 = Release|Any CPU
		{B6F34C95-4E37-44F3-AB6A-3DD7DBB61789}.Release|iPhone.ActiveCfg = Release|Any CPU
		{B6F34C95-4E37-44F3-AB6A-3DD7DBB61789}.Release|iPhone.Build.0 = Release|Any CPU
		{B6F34C95-4E37-44F3-AB6A-3DD7DBB61789}.Release|iPhoneSimulator.ActiveCfg = Release|Any CPU
		{B6F34C95-4E37-44F3-AB6A-3DD7DBB61789}.Release|iPhoneSimulator.Build.0 = Release|Any CPU
		{F622F5FE-A71F-4A3E-B45C-2468DBAA406C}.Debug|Any CPU.ActiveCfg = Debug|iPhoneSimulator
		{F622F5FE-A71F-4A3E-B45C-2468DBAA406C}.Debug|Any CPU.Build.0 = Debug|iPhoneSimulator
		{F622F5FE-A71F-4A3E-B45C-2468DBAA406C}.Debug|iPhone.ActiveCfg = Debug|iPhone
		{F622F5FE-A71F-4A3E-B45C-2468DBAA406C}.Debug|iPhone.Build.0 = Debug|iPhone
		{F622F5FE-A71F-4A3E-B45C-2468DBAA406C}.Debug|iPhoneSimulator.ActiveCfg = Debug|iPhoneSimulator
		{F622F5FE-A71F-4A3E-B45C-2468DBAA406C}.Debug|iPhoneSimulator.Build.0 = Debug|iPhoneSimulator
		{F622F5FE-A71F-4A3E-B45C-2468DBAA406C}.Release|Any CPU.ActiveCfg = Release|iPhone
		{F622F5FE-A71F-4A3E-B45C-2468DBAA406C}.Release|Any CPU.Build.0 = Release|iPhone
		{F622F5FE-A71F-4A3E-B45C-2468DBAA406C}.Release|iPhone.ActiveCfg = Release|iPhone
		{F622F5FE-A71F-4A3E-B45C-2468DBAA406C}.Release|iPhone.Build.0 = Release|iPhone
		{F622F5FE-A71F-4A3E-B45C-2468DBAA406C}.Release|iPhoneSimulator.ActiveCfg = Release|iPhoneSimulator
		{F622F5FE-A71F-4A3E-B45C-2468DBAA406C}.Release|iPhoneSimulator.Build.0 = Release|iPhoneSimulator
	EndGlobalSection
EndGlobal
