
Microsoft Visual Studio Solution File, Format Version 11.00
# Visual Studio 2010
Project("{FAE04EC0-301F-11D3-BF4B-00C04F79EFBC}") = "TapkuSample", "TapkuSample\TapkuSample.csproj", "{721A0EEF-89EB-438A-8C7A-E00C4E373EFA}"
EndProject
Global
	GlobalSection(SolutionConfigurationPlatforms) = preSolution
		Debug|iPhoneSimulator = Debug|iPhoneSimulator
		Release|iPhoneSimulator = Release|iPhoneSimulator
		Debug|iPhone = Debug|iPhone
		Release|iPhone = Release|iPhone
	EndGlobalSection
	GlobalSection(ProjectConfigurationPlatforms) = postSolution
		{721A0EEF-89EB-438A-8C7A-E00C4E373EFA}.Debug|iPhone.ActiveCfg = Debug|iPhone
		{721A0EEF-89EB-438A-8C7A-E00C4E373EFA}.Debug|iPhone.Build.0 = Debug|iPhone
		{721A0EEF-89EB-438A-8C7A-E00C4E373EFA}.Debug|iPhoneSimulator.ActiveCfg = Debug|iPhoneSimulator
		{721A0EEF-89EB-438A-8C7A-E00C4E373EFA}.Debug|iPhoneSimulator.Build.0 = Debug|iPhoneSimulator
		{721A0EEF-89EB-438A-8C7A-E00C4E373EFA}.Release|iPhone.ActiveCfg = Release|iPhone
		{721A0EEF-89EB-438A-8C7A-E00C4E373EFA}.Release|iPhone.Build.0 = Release|iPhone
		{721A0EEF-89EB-438A-8C7A-E00C4E373EFA}.Release|iPhoneSimulator.ActiveCfg = Release|iPhoneSimulator
		{721A0EEF-89EB-438A-8C7A-E00C4E373EFA}.Release|iPhoneSimulator.Build.0 = Release|iPhoneSimulator
	EndGlobalSection
	GlobalSection(MonoDevelopProperties) = preSolution
		StartupItem = TapkuSample\TapkuSample.csproj
	EndGlobalSection
EndGlobal
