
Microsoft Visual Studio Solution File, Format Version 11.00
# Visual Studio 2010
Project("{FAE04EC0-301F-11D3-BF4B-00C04F79EFBC}") = "SparkInspectorSample", "SparkInspectorSample\SparkInspectorSample.csproj", "{88B88496-BBAF-4AE1-A44D-670420632A56}"
EndProject
Project("{FAE04EC0-301F-11D3-BF4B-00C04F79EFBC}") = "SparkInspector", "..\..\binding\SparkInspector.csproj", "{0C767634-A668-433A-90DE-A0E0CBF32607}"
EndProject
Global
	GlobalSection(SolutionConfigurationPlatforms) = preSolution
		Debug|iPhoneSimulator = Debug|iPhoneSimulator
		Release|iPhoneSimulator = Release|iPhoneSimulator
		Debug|iPhone = Debug|iPhone
		Release|iPhone = Release|iPhone
		Ad-Hoc|iPhone = Ad-Hoc|iPhone
		AppStore|iPhone = AppStore|iPhone
	EndGlobalSection
	GlobalSection(ProjectConfigurationPlatforms) = postSolution
		{0C767634-A668-433A-90DE-A0E0CBF32607}.Ad-Hoc|iPhone.ActiveCfg = Release|Any CPU
		{0C767634-A668-433A-90DE-A0E0CBF32607}.Ad-Hoc|iPhone.Build.0 = Release|Any CPU
		{0C767634-A668-433A-90DE-A0E0CBF32607}.AppStore|iPhone.ActiveCfg = Release|Any CPU
		{0C767634-A668-433A-90DE-A0E0CBF32607}.AppStore|iPhone.Build.0 = Release|Any CPU
		{0C767634-A668-433A-90DE-A0E0CBF32607}.Debug|iPhone.ActiveCfg = Debug|Any CPU
		{0C767634-A668-433A-90DE-A0E0CBF32607}.Debug|iPhone.Build.0 = Debug|Any CPU
		{0C767634-A668-433A-90DE-A0E0CBF32607}.Debug|iPhoneSimulator.ActiveCfg = Debug|Any CPU
		{0C767634-A668-433A-90DE-A0E0CBF32607}.Debug|iPhoneSimulator.Build.0 = Debug|Any CPU
		{0C767634-A668-433A-90DE-A0E0CBF32607}.Release|iPhone.ActiveCfg = Release|Any CPU
		{0C767634-A668-433A-90DE-A0E0CBF32607}.Release|iPhone.Build.0 = Release|Any CPU
		{0C767634-A668-433A-90DE-A0E0CBF32607}.Release|iPhoneSimulator.ActiveCfg = Release|Any CPU
		{0C767634-A668-433A-90DE-A0E0CBF32607}.Release|iPhoneSimulator.Build.0 = Release|Any CPU
		{88B88496-BBAF-4AE1-A44D-670420632A56}.Ad-Hoc|iPhone.ActiveCfg = Ad-Hoc|iPhone
		{88B88496-BBAF-4AE1-A44D-670420632A56}.Ad-Hoc|iPhone.Build.0 = Ad-Hoc|iPhone
		{88B88496-BBAF-4AE1-A44D-670420632A56}.AppStore|iPhone.ActiveCfg = AppStore|iPhone
		{88B88496-BBAF-4AE1-A44D-670420632A56}.AppStore|iPhone.Build.0 = AppStore|iPhone
		{88B88496-BBAF-4AE1-A44D-670420632A56}.Debug|iPhone.ActiveCfg = Debug|iPhone
		{88B88496-BBAF-4AE1-A44D-670420632A56}.Debug|iPhone.Build.0 = Debug|iPhone
		{88B88496-BBAF-4AE1-A44D-670420632A56}.Debug|iPhoneSimulator.ActiveCfg = Debug|iPhoneSimulator
		{88B88496-BBAF-4AE1-A44D-670420632A56}.Debug|iPhoneSimulator.Build.0 = Debug|iPhoneSimulator
		{88B88496-BBAF-4AE1-A44D-670420632A56}.Release|iPhone.ActiveCfg = Release|iPhone
		{88B88496-BBAF-4AE1-A44D-670420632A56}.Release|iPhone.Build.0 = Release|iPhone
		{88B88496-BBAF-4AE1-A44D-670420632A56}.Release|iPhoneSimulator.ActiveCfg = Release|iPhoneSimulator
		{88B88496-BBAF-4AE1-A44D-670420632A56}.Release|iPhoneSimulator.Build.0 = Release|iPhoneSimulator
	EndGlobalSection
	GlobalSection(MonoDevelopProperties) = preSolution
		StartupItem = SparkInspectorSample\SparkInspectorSample.csproj
	EndGlobalSection
EndGlobal
