
Microsoft Visual Studio Solution File, Format Version 11.00
# Visual Studio 2010
Project("{FAE04EC0-301F-11D3-BF4B-00C04F79EFBC}") = "Sample", "Sample\Sample.csproj", "{62AE6949-521C-494E-8027-5CD8FE362915}"
EndProject
Global
	GlobalSection(SolutionConfigurationPlatforms) = preSolution
		Debug|iPhoneSimulator = Debug|iPhoneSimulator
		Release|iPhoneSimulator = Release|iPhoneSimulator
		Debug|iPhone = Debug|iPhone
		Release|iPhone = Release|iPhone
		Ad-Hoc|iPhone = Ad-Hoc|iPhone
		AppStore|iPhone = AppStore|iPhone
	EndGlobalSection
	GlobalSection(ProjectConfigurationPlatforms) = postSolution
		{62AE6949-521C-494E-8027-5CD8FE362915}.Ad-Hoc|iPhone.ActiveCfg = Ad-Hoc|iPhone
		{62AE6949-521C-494E-8027-5CD8FE362915}.Ad-Hoc|iPhone.Build.0 = Ad-Hoc|iPhone
		{62AE6949-521C-494E-8027-5CD8FE362915}.AppStore|iPhone.ActiveCfg = AppStore|iPhone
		{62AE6949-521C-494E-8027-5CD8FE362915}.AppStore|iPhone.Build.0 = AppStore|iPhone
		{62AE6949-521C-494E-8027-5CD8FE362915}.Debug|iPhone.ActiveCfg = Debug|iPhone
		{62AE6949-521C-494E-8027-5CD8FE362915}.Debug|iPhone.Build.0 = Debug|iPhone
		{62AE6949-521C-494E-8027-5CD8FE362915}.Debug|iPhoneSimulator.ActiveCfg = Debug|iPhoneSimulator
		{62AE6949-521C-494E-8027-5CD8FE362915}.Debug|iPhoneSimulator.Build.0 = Debug|iPhoneSimulator
		{62AE6949-521C-494E-8027-5CD8FE362915}.Release|iPhone.ActiveCfg = Release|iPhone
		{62AE6949-521C-494E-8027-5CD8FE362915}.Release|iPhone.Build.0 = Release|iPhone
		{62AE6949-521C-494E-8027-5CD8FE362915}.Release|iPhoneSimulator.ActiveCfg = Release|iPhoneSimulator
		{62AE6949-521C-494E-8027-5CD8FE362915}.Release|iPhoneSimulator.Build.0 = Release|iPhoneSimulator
	EndGlobalSection
	GlobalSection(MonoDevelopProperties) = preSolution
		StartupItem = Sample\Sample.csproj
	EndGlobalSection
EndGlobal
