
Microsoft Visual Studio Solution File, Format Version 12.00
# Visual Studio 2012
Project("{FAE04EC0-301F-11D3-BF4B-00C04F79EFBC}") = "AudioKitSample", "AudioKitSample\AudioKitSample.csproj", "{A517A590-143C-4BA4-91B6-FD57A984AE23}"
EndProject
Project("{FAE04EC0-301F-11D3-BF4B-00C04F79EFBC}") = "AudioKit", "..\..\binding\AudioKit.csproj", "{A7A94F3B-831C-493F-8604-C8ACB6AED290}"
EndProject
Global
	GlobalSection(SolutionConfigurationPlatforms) = preSolution
		Debug|iPhoneSimulator = Debug|iPhoneSimulator
		Release|iPhoneSimulator = Release|iPhoneSimulator
		Debug|iPhone = Debug|iPhone
		Release|iPhone = Release|iPhone
		Ad-Hoc|iPhone = Ad-Hoc|iPhone
		AppStore|iPhone = AppStore|iPhone
	EndGlobalSection
	GlobalSection(ProjectConfigurationPlatforms) = postSolution
		{A517A590-143C-4BA4-91B6-FD57A984AE23}.Ad-Hoc|iPhone.ActiveCfg = Ad-Hoc|iPhone
		{A517A590-143C-4BA4-91B6-FD57A984AE23}.Ad-Hoc|iPhone.Build.0 = Ad-Hoc|iPhone
		{A517A590-143C-4BA4-91B6-FD57A984AE23}.AppStore|iPhone.ActiveCfg = AppStore|iPhone
		{A517A590-143C-4BA4-91B6-FD57A984AE23}.AppStore|iPhone.Build.0 = AppStore|iPhone
		{A517A590-143C-4BA4-91B6-FD57A984AE23}.Debug|iPhone.ActiveCfg = Debug|iPhone
		{A517A590-143C-4BA4-91B6-FD57A984AE23}.Debug|iPhone.Build.0 = Debug|iPhone
		{A517A590-143C-4BA4-91B6-FD57A984AE23}.Debug|iPhoneSimulator.ActiveCfg = Debug|iPhoneSimulator
		{A517A590-143C-4BA4-91B6-FD57A984AE23}.Debug|iPhoneSimulator.Build.0 = Debug|iPhoneSimulator
		{A517A590-143C-4BA4-91B6-FD57A984AE23}.Release|iPhone.ActiveCfg = Release|iPhone
		{A517A590-143C-4BA4-91B6-FD57A984AE23}.Release|iPhone.Build.0 = Release|iPhone
		{A517A590-143C-4BA4-91B6-FD57A984AE23}.Release|iPhoneSimulator.ActiveCfg = Release|iPhoneSimulator
		{A517A590-143C-4BA4-91B6-FD57A984AE23}.Release|iPhoneSimulator.Build.0 = Release|iPhoneSimulator
		{A7A94F3B-831C-493F-8604-C8ACB6AED290}.Ad-Hoc|iPhone.ActiveCfg = Release|Any CPU
		{A7A94F3B-831C-493F-8604-C8ACB6AED290}.Ad-Hoc|iPhone.Build.0 = Release|Any CPU
		{A7A94F3B-831C-493F-8604-C8ACB6AED290}.AppStore|iPhone.ActiveCfg = Release|Any CPU
		{A7A94F3B-831C-493F-8604-C8ACB6AED290}.AppStore|iPhone.Build.0 = Release|Any CPU
		{A7A94F3B-831C-493F-8604-C8ACB6AED290}.Debug|iPhone.ActiveCfg = Debug|Any CPU
		{A7A94F3B-831C-493F-8604-C8ACB6AED290}.Debug|iPhone.Build.0 = Debug|Any CPU
		{A7A94F3B-831C-493F-8604-C8ACB6AED290}.Debug|iPhoneSimulator.ActiveCfg = Debug|Any CPU
		{A7A94F3B-831C-493F-8604-C8ACB6AED290}.Debug|iPhoneSimulator.Build.0 = Debug|Any CPU
		{A7A94F3B-831C-493F-8604-C8ACB6AED290}.Release|iPhone.ActiveCfg = Release|Any CPU
		{A7A94F3B-831C-493F-8604-C8ACB6AED290}.Release|iPhone.Build.0 = Release|Any CPU
		{A7A94F3B-831C-493F-8604-C8ACB6AED290}.Release|iPhoneSimulator.ActiveCfg = Release|Any CPU
		{A7A94F3B-831C-493F-8604-C8ACB6AED290}.Release|iPhoneSimulator.Build.0 = Release|Any CPU
	EndGlobalSection
EndGlobal
