
Microsoft Visual Studio Solution File, Format Version 12.00
# Visual Studio 2012
Project("{FAE04EC0-301F-11D3-BF4B-00C04F79EFBC}") = "AudioKitSample-Classic", "AudioKitSample\AudioKitSample-Classic.csproj", "{21E92467-069E-4106-BF5B-0856401CAADD}"
EndProject
Global
	GlobalSection(SolutionConfigurationPlatforms) = preSolution
		Debug|iPhoneSimulator = Debug|iPhoneSimulator
		Release|iPhoneSimulator = Release|iPhoneSimulator
		Debug|iPhone = Debug|iPhone
		Release|iPhone = Release|iPhone
		Ad-Hoc|iPhone = Ad-Hoc|iPhone
		AppStore|iPhone = AppStore|iPhone
	EndGlobalSection
	GlobalSection(ProjectConfigurationPlatforms) = postSolution
		{21E92467-069E-4106-BF5B-0856401CAADD}.Ad-Hoc|iPhone.ActiveCfg = Ad-Hoc|iPhone
		{21E92467-069E-4106-BF5B-0856401CAADD}.Ad-Hoc|iPhone.Build.0 = Ad-Hoc|iPhone
		{21E92467-069E-4106-BF5B-0856401CAADD}.AppStore|iPhone.ActiveCfg = AppStore|iPhone
		{21E92467-069E-4106-BF5B-0856401CAADD}.AppStore|iPhone.Build.0 = AppStore|iPhone
		{21E92467-069E-4106-BF5B-0856401CAADD}.Debug|iPhone.ActiveCfg = Debug|iPhone
		{21E92467-069E-4106-BF5B-0856401CAADD}.Debug|iPhone.Build.0 = Debug|iPhone
		{21E92467-069E-4106-BF5B-0856401CAADD}.Debug|iPhoneSimulator.ActiveCfg = Debug|iPhoneSimulator
		{21E92467-069E-4106-BF5B-0856401CAADD}.Debug|iPhoneSimulator.Build.0 = Debug|iPhoneSimulator
		{21E92467-069E-4106-BF5B-0856401CAADD}.Release|iPhone.ActiveCfg = Release|iPhone
		{21E92467-069E-4106-BF5B-0856401CAADD}.Release|iPhone.Build.0 = Release|iPhone
		{21E92467-069E-4106-BF5B-0856401CAADD}.Release|iPhoneSimulator.ActiveCfg = Release|iPhoneSimulator
		{21E92467-069E-4106-BF5B-0856401CAADD}.Release|iPhoneSimulator.Build.0 = Release|iPhoneSimulator
	EndGlobalSection
EndGlobal
