
Microsoft Visual Studio Solution File, Format Version 10.00
# Visual Studio 2008
Project("{FAE04EC0-301F-11D3-BF4B-00C04F79EFBC}") = "AdJitsu", "AdJitsu.csproj", "{8C58D49B-87A9-4393-A055-A22D09B4F72B}"
EndProject
Global
	GlobalSection(SolutionConfigurationPlatforms) = preSolution
		Debug|iPhoneSimulator = Debug|iPhoneSimulator
		Release|iPhoneSimulator = Release|iPhoneSimulator
		Debug|iPhone = Debug|iPhone
		Release|iPhone = Release|iPhone
	EndGlobalSection
	GlobalSection(ProjectConfigurationPlatforms) = postSolution
		{8C58D49B-87A9-4393-A055-A22D09B4F72B}.Debug|iPhone.ActiveCfg = Debug|iPhone
		{8C58D49B-87A9-4393-A055-A22D09B4F72B}.Debug|iPhone.Build.0 = Debug|iPhone
		{8C58D49B-87A9-4393-A055-A22D09B4F72B}.Debug|iPhoneSimulator.ActiveCfg = Debug|iPhoneSimulator
		{8C58D49B-87A9-4393-A055-A22D09B4F72B}.Debug|iPhoneSimulator.Build.0 = Debug|iPhoneSimulator
		{8C58D49B-87A9-4393-A055-A22D09B4F72B}.Release|iPhone.ActiveCfg = Release|iPhone
		{8C58D49B-87A9-4393-A055-A22D09B4F72B}.Release|iPhone.Build.0 = Release|iPhone
		{8C58D49B-87A9-4393-A055-A22D09B4F72B}.Release|iPhoneSimulator.ActiveCfg = Release|iPhoneSimulator
		{8C58D49B-87A9-4393-A055-A22D09B4F72B}.Release|iPhoneSimulator.Build.0 = Release|iPhoneSimulator
	EndGlobalSection
	GlobalSection(MonoDevelopProperties) = preSolution
		StartupItem = AdJitsu.csproj
	EndGlobalSection
EndGlobal
