
Microsoft Visual Studio Solution File, Format Version 12.00
# Visual Studio 2012
Project("{FAE04EC0-301F-11D3-BF4B-00C04F79EFBC}") = "UIImageViewAlignedSharp", "UIImageViewAlignedSharp.csproj", "{9A7AA0E9-67F2-4972-B48D-E7D4ACB9BF61}"
EndProject
Global
	GlobalSection(SolutionConfigurationPlatforms) = preSolution
		Debug|Any CPU = Debug|Any CPU
		Release|Any CPU = Release|Any CPU
	EndGlobalSection
	GlobalSection(ProjectConfigurationPlatforms) = postSolution
		{9A7AA0E9-67F2-4972-B48D-E7D4ACB9BF61}.Debug|Any CPU.ActiveCfg = Debug|Any CPU
		{9A7AA0E9-67F2-4972-B48D-E7D4ACB9BF61}.Debug|Any CPU.Build.0 = Debug|Any CPU
		{9A7AA0E9-67F2-4972-B48D-E7D4ACB9BF61}.Release|Any CPU.ActiveCfg = Release|Any CPU
		{9A7AA0E9-67F2-4972-B48D-E7D4ACB9BF61}.Release|Any CPU.Build.0 = Release|Any CPU
	EndGlobalSection
EndGlobal
