
Microsoft Visual Studio Solution File, Format Version 11.00
# Visual Studio 2010
Project("{FAE04EC0-301F-11D3-BF4B-00C04F79EFBC}") = "AdJitsuSample", "AdJitsuSample\AdJitsuSample.csproj", "{D98A648E-053E-41BC-AD14-33286BBBF12A}"
EndProject
Global
	GlobalSection(SolutionConfigurationPlatforms) = preSolution
		Debug|iPhoneSimulator = Debug|iPhoneSimulator
		Release|iPhoneSimulator = Release|iPhoneSimulator
		Debug|iPhone = Debug|iPhone
		Release|iPhone = Release|iPhone
	EndGlobalSection
	GlobalSection(ProjectConfigurationPlatforms) = postSolution
		{D98A648E-053E-41BC-AD14-33286BBBF12A}.Debug|iPhone.ActiveCfg = Debug|iPhone
		{D98A648E-053E-41BC-AD14-33286BBBF12A}.Debug|iPhone.Build.0 = Debug|iPhone
		{D98A648E-053E-41BC-AD14-33286BBBF12A}.Debug|iPhoneSimulator.ActiveCfg = Debug|iPhoneSimulator
		{D98A648E-053E-41BC-AD14-33286BBBF12A}.Debug|iPhoneSimulator.Build.0 = Debug|iPhoneSimulator
		{D98A648E-053E-41BC-AD14-33286BBBF12A}.Release|iPhone.ActiveCfg = Release|iPhone
		{D98A648E-053E-41BC-AD14-33286BBBF12A}.Release|iPhone.Build.0 = Release|iPhone
		{D98A648E-053E-41BC-AD14-33286BBBF12A}.Release|iPhoneSimulator.ActiveCfg = Release|iPhoneSimulator
		{D98A648E-053E-41BC-AD14-33286BBBF12A}.Release|iPhoneSimulator.Build.0 = Release|iPhoneSimulator
	EndGlobalSection
	GlobalSection(MonoDevelopProperties) = preSolution
		StartupItem = AdJitsuSample\AdJitsuSample.csproj
	EndGlobalSection
EndGlobal
