
Microsoft Visual Studio Solution File, Format Version 11.00
# Visual Studio 2010
Project("{FAE04EC0-301F-11D3-BF4B-00C04F79EFBC}") = "iCarouselSample", "iCarouselSample\iCarouselSample.csproj", "{E388C758-4BEC-4A5C-8D6B-FEEEA22A5A76}"
EndProject
Global
	GlobalSection(SolutionConfigurationPlatforms) = preSolution
		Debug|iPhoneSimulator = Debug|iPhoneSimulator
		Release|iPhoneSimulator = Release|iPhoneSimulator
		Debug|iPhone = Debug|iPhone
		Release|iPhone = Release|iPhone
		Ad-Hoc|iPhone = Ad-Hoc|iPhone
		AppStore|iPhone = AppStore|iPhone
	EndGlobalSection
	GlobalSection(ProjectConfigurationPlatforms) = postSolution
		{E388C758-4BEC-4A5C-8D6B-FEEEA22A5A76}.Ad-Hoc|iPhone.ActiveCfg = Ad-Hoc|iPhone
		{E388C758-4BEC-4A5C-8D6B-FEEEA22A5A76}.Ad-Hoc|iPhone.Build.0 = Ad-Hoc|iPhone
		{E388C758-4BEC-4A5C-8D6B-FEEEA22A5A76}.AppStore|iPhone.ActiveCfg = AppStore|iPhone
		{E388C758-4BEC-4A5C-8D6B-FEEEA22A5A76}.AppStore|iPhone.Build.0 = AppStore|iPhone
		{E388C758-4BEC-4A5C-8D6B-FEEEA22A5A76}.Debug|iPhone.ActiveCfg = Debug|iPhone
		{E388C758-4BEC-4A5C-8D6B-FEEEA22A5A76}.Debug|iPhone.Build.0 = Debug|iPhone
		{E388C758-4BEC-4A5C-8D6B-FEEEA22A5A76}.Debug|iPhoneSimulator.ActiveCfg = Debug|iPhoneSimulator
		{E388C758-4BEC-4A5C-8D6B-FEEEA22A5A76}.Debug|iPhoneSimulator.Build.0 = Debug|iPhoneSimulator
		{E388C758-4BEC-4A5C-8D6B-FEEEA22A5A76}.Release|iPhone.ActiveCfg = Release|iPhone
		{E388C758-4BEC-4A5C-8D6B-FEEEA22A5A76}.Release|iPhone.Build.0 = Release|iPhone
		{E388C758-4BEC-4A5C-8D6B-FEEEA22A5A76}.Release|iPhoneSimulator.ActiveCfg = Release|iPhoneSimulator
		{E388C758-4BEC-4A5C-8D6B-FEEEA22A5A76}.Release|iPhoneSimulator.Build.0 = Release|iPhoneSimulator
	EndGlobalSection
	GlobalSection(MonoDevelopProperties) = preSolution
		StartupItem = iCarouselSample\iCarouselSample.csproj
	EndGlobalSection
EndGlobal
