
Microsoft Visual Studio Solution File, Format Version 11.00
# Visual Studio 2010
Project("{FAE04EC0-301F-11D3-BF4B-00C04F79EFBC}") = "CouchbaseSample.iOS", "CouchbaseSample.iOS.csproj", "{590609C7-0AC7-49AF-A888-8D90812F351F}"
EndProject
Project("{FAE04EC0-301F-11D3-BF4B-00C04F79EFBC}") = "Couchbase.iOS", "..\..\binding\Couchbase.iOS.csproj", "{A63C2B1F-3187-4196-99AB-D40F7A720E4E}"
EndProject
Global
	GlobalSection(SolutionConfigurationPlatforms) = preSolution
		Debug|iPhoneSimulator = Debug|iPhoneSimulator
		Release|iPhoneSimulator = Release|iPhoneSimulator
		Debug|iPhone = Debug|iPhone
		Release|iPhone = Release|iPhone
		Ad-Hoc|iPhone = Ad-Hoc|iPhone
		AppStore|iPhone = AppStore|iPhone
	EndGlobalSection
	GlobalSection(ProjectConfigurationPlatforms) = postSolution
		{590609C7-0AC7-49AF-A888-8D90812F351F}.Ad-Hoc|iPhone.ActiveCfg = Ad-Hoc|iPhone
		{590609C7-0AC7-49AF-A888-8D90812F351F}.Ad-Hoc|iPhone.Build.0 = Ad-Hoc|iPhone
		{590609C7-0AC7-49AF-A888-8D90812F351F}.AppStore|iPhone.ActiveCfg = AppStore|iPhone
		{590609C7-0AC7-49AF-A888-8D90812F351F}.AppStore|iPhone.Build.0 = AppStore|iPhone
		{590609C7-0AC7-49AF-A888-8D90812F351F}.Debug|iPhone.ActiveCfg = Debug|iPhone
		{590609C7-0AC7-49AF-A888-8D90812F351F}.Debug|iPhone.Build.0 = Debug|iPhone
		{590609C7-0AC7-49AF-A888-8D90812F351F}.Debug|iPhoneSimulator.ActiveCfg = Debug|iPhoneSimulator
		{590609C7-0AC7-49AF-A888-8D90812F351F}.Debug|iPhoneSimulator.Build.0 = Debug|iPhoneSimulator
		{590609C7-0AC7-49AF-A888-8D90812F351F}.Release|iPhone.ActiveCfg = Release|iPhone
		{590609C7-0AC7-49AF-A888-8D90812F351F}.Release|iPhone.Build.0 = Release|iPhone
		{590609C7-0AC7-49AF-A888-8D90812F351F}.Release|iPhoneSimulator.ActiveCfg = Release|iPhoneSimulator
		{590609C7-0AC7-49AF-A888-8D90812F351F}.Release|iPhoneSimulator.Build.0 = Release|iPhoneSimulator
		{A63C2B1F-3187-4196-99AB-D40F7A720E4E}.Ad-Hoc|iPhone.ActiveCfg = Release|Any CPU
		{A63C2B1F-3187-4196-99AB-D40F7A720E4E}.Ad-Hoc|iPhone.Build.0 = Release|Any CPU
		{A63C2B1F-3187-4196-99AB-D40F7A720E4E}.AppStore|iPhone.ActiveCfg = Release|Any CPU
		{A63C2B1F-3187-4196-99AB-D40F7A720E4E}.AppStore|iPhone.Build.0 = Release|Any CPU
		{A63C2B1F-3187-4196-99AB-D40F7A720E4E}.Debug|iPhone.ActiveCfg = Debug|Any CPU
		{A63C2B1F-3187-4196-99AB-D40F7A720E4E}.Debug|iPhone.Build.0 = Debug|Any CPU
		{A63C2B1F-3187-4196-99AB-D40F7A720E4E}.Debug|iPhoneSimulator.ActiveCfg = Debug|Any CPU
		{A63C2B1F-3187-4196-99AB-D40F7A720E4E}.Debug|iPhoneSimulator.Build.0 = Debug|Any CPU
		{A63C2B1F-3187-4196-99AB-D40F7A720E4E}.Release|iPhone.ActiveCfg = Release|Any CPU
		{A63C2B1F-3187-4196-99AB-D40F7A720E4E}.Release|iPhone.Build.0 = Release|Any CPU
		{A63C2B1F-3187-4196-99AB-D40F7A720E4E}.Release|iPhoneSimulator.ActiveCfg = Release|Any CPU
		{A63C2B1F-3187-4196-99AB-D40F7A720E4E}.Release|iPhoneSimulator.Build.0 = Release|Any CPU
	EndGlobalSection
	GlobalSection(MonoDevelopProperties) = preSolution
		StartupItem = CouchbaseSample.iOS.csproj
	EndGlobalSection
EndGlobal
