
Microsoft Visual Studio Solution File, Format Version 11.00
# Visual Studio 2010
Project("{FAE04EC0-301F-11D3-BF4B-00C04F79EFBC}") = "MBAlertViewDemo", "MBAlertViewDemo\MBAlertViewDemo.csproj", "{6ECE2F41-3B22-4DE3-950D-B907B0F38ADA}"
EndProject
Global
	GlobalSection(SolutionConfigurationPlatforms) = preSolution
		Debug|iPhoneSimulator = Debug|iPhoneSimulator
		Release|iPhoneSimulator = Release|iPhoneSimulator
		Debug|iPhone = Debug|iPhone
		Release|iPhone = Release|iPhone
		Ad-Hoc|iPhone = Ad-Hoc|iPhone
		AppStore|iPhone = AppStore|iPhone
	EndGlobalSection
	GlobalSection(ProjectConfigurationPlatforms) = postSolution
		{6ECE2F41-3B22-4DE3-950D-B907B0F38ADA}.Ad-Hoc|iPhone.ActiveCfg = Ad-Hoc|iPhone
		{6ECE2F41-3B22-4DE3-950D-B907B0F38ADA}.Ad-Hoc|iPhone.Build.0 = Ad-Hoc|iPhone
		{6ECE2F41-3B22-4DE3-950D-B907B0F38ADA}.AppStore|iPhone.ActiveCfg = AppStore|iPhone
		{6ECE2F41-3B22-4DE3-950D-B907B0F38ADA}.AppStore|iPhone.Build.0 = AppStore|iPhone
		{6ECE2F41-3B22-4DE3-950D-B907B0F38ADA}.Debug|iPhone.ActiveCfg = Debug|iPhone
		{6ECE2F41-3B22-4DE3-950D-B907B0F38ADA}.Debug|iPhone.Build.0 = Debug|iPhone
		{6ECE2F41-3B22-4DE3-950D-B907B0F38ADA}.Debug|iPhoneSimulator.ActiveCfg = Debug|iPhoneSimulator
		{6ECE2F41-3B22-4DE3-950D-B907B0F38ADA}.Debug|iPhoneSimulator.Build.0 = Debug|iPhoneSimulator
		{6ECE2F41-3B22-4DE3-950D-B907B0F38ADA}.Release|iPhone.ActiveCfg = Release|iPhone
		{6ECE2F41-3B22-4DE3-950D-B907B0F38ADA}.Release|iPhone.Build.0 = Release|iPhone
		{6ECE2F41-3B22-4DE3-950D-B907B0F38ADA}.Release|iPhoneSimulator.ActiveCfg = Release|iPhoneSimulator
		{6ECE2F41-3B22-4DE3-950D-B907B0F38ADA}.Release|iPhoneSimulator.Build.0 = Release|iPhoneSimulator
	EndGlobalSection
	GlobalSection(MonoDevelopProperties) = preSolution
		StartupItem = MBAlertViewDemo\MBAlertViewDemo.csproj
	EndGlobalSection
EndGlobal
