
Microsoft Visual Studio Solution File, Format Version 11.00
# Visual Studio 2010
Project("{FAE04EC0-301F-11D3-BF4B-00C04F79EFBC}") = "WEPopoverSample", "WEPopoverSample\WEPopoverSample.csproj", "{8DE5E8BD-5DCE-4419-B560-E918E85FBC4F}"
EndProject
Global
	GlobalSection(SolutionConfigurationPlatforms) = preSolution
		Debug|iPhoneSimulator = Debug|iPhoneSimulator
		Release|iPhoneSimulator = Release|iPhoneSimulator
		Debug|iPhone = Debug|iPhone
		Release|iPhone = Release|iPhone
		Ad-Hoc|iPhone = Ad-Hoc|iPhone
		AppStore|iPhone = AppStore|iPhone
	EndGlobalSection
	GlobalSection(ProjectConfigurationPlatforms) = postSolution
		{8DE5E8BD-5DCE-4419-B560-E918E85FBC4F}.Ad-Hoc|iPhone.ActiveCfg = Ad-Hoc|iPhone
		{8DE5E8BD-5DCE-4419-B560-E918E85FBC4F}.Ad-Hoc|iPhone.Build.0 = Ad-Hoc|iPhone
		{8DE5E8BD-5DCE-4419-B560-E918E85FBC4F}.AppStore|iPhone.ActiveCfg = AppStore|iPhone
		{8DE5E8BD-5DCE-4419-B560-E918E85FBC4F}.AppStore|iPhone.Build.0 = AppStore|iPhone
		{8DE5E8BD-5DCE-4419-B560-E918E85FBC4F}.Debug|iPhone.ActiveCfg = Debug|iPhone
		{8DE5E8BD-5DCE-4419-B560-E918E85FBC4F}.Debug|iPhone.Build.0 = Debug|iPhone
		{8DE5E8BD-5DCE-4419-B560-E918E85FBC4F}.Debug|iPhoneSimulator.ActiveCfg = Debug|iPhoneSimulator
		{8DE5E8BD-5DCE-4419-B560-E918E85FBC4F}.Debug|iPhoneSimulator.Build.0 = Debug|iPhoneSimulator
		{8DE5E8BD-5DCE-4419-B560-E918E85FBC4F}.Release|iPhone.ActiveCfg = Release|iPhone
		{8DE5E8BD-5DCE-4419-B560-E918E85FBC4F}.Release|iPhone.Build.0 = Release|iPhone
		{8DE5E8BD-5DCE-4419-B560-E918E85FBC4F}.Release|iPhoneSimulator.ActiveCfg = Release|iPhoneSimulator
		{8DE5E8BD-5DCE-4419-B560-E918E85FBC4F}.Release|iPhoneSimulator.Build.0 = Release|iPhoneSimulator
	EndGlobalSection
EndGlobal
