
Microsoft Visual Studio Solution File, Format Version 12.00
# Visual Studio 2012
Project("{FAE04EC0-301F-11D3-BF4B-00C04F79EFBC}") = "CDCircleSharp", "CDCircleSharp\CDCircleSharp.csproj", "{74130284-F4A1-4037-AD09-BC7F7039D188}"
EndProject
Global
	GlobalSection(SolutionConfigurationPlatforms) = preSolution
		Debug|Any CPU = Debug|Any CPU
		Release|Any CPU = Release|Any CPU
	EndGlobalSection
	GlobalSection(ProjectConfigurationPlatforms) = postSolution
		{74130284-F4A1-4037-AD09-BC7F7039D188}.Debug|Any CPU.ActiveCfg = Debug|Any CPU
		{74130284-F4A1-4037-AD09-BC7F7039D188}.Debug|Any CPU.Build.0 = Debug|Any CPU
		{74130284-F4A1-4037-AD09-BC7F7039D188}.Release|Any CPU.ActiveCfg = Release|Any CPU
		{74130284-F4A1-4037-AD09-BC7F7039D188}.Release|Any CPU.Build.0 = Release|Any CPU
	EndGlobalSection
	GlobalSection(MonoDevelopProperties) = preSolution
		StartupItem = CDCircleSharp\CDCircleSharp.csproj
	EndGlobalSection
EndGlobal
