
Microsoft Visual Studio Solution File, Format Version 11.00
# Visual Studio 2010
Project("{FAE04EC0-301F-11D3-BF4B-00C04F79EFBC}") = "CorePlotiOSSample", "CorePlotiOSSample\CorePlotiOSSample.csproj", "{9B9C6B51-16EE-4C83-A6CF-A82908FA18BF}"
EndProject
Global
	GlobalSection(SolutionConfigurationPlatforms) = preSolution
		Debug|iPhoneSimulator = Debug|iPhoneSimulator
		Release|iPhoneSimulator = Release|iPhoneSimulator
		Debug|iPhone = Debug|iPhone
		Release|iPhone = Release|iPhone
	EndGlobalSection
	GlobalSection(ProjectConfigurationPlatforms) = postSolution
		{9B9C6B51-16EE-4C83-A6CF-A82908FA18BF}.Debug|iPhone.ActiveCfg = Debug|iPhone
		{9B9C6B51-16EE-4C83-A6CF-A82908FA18BF}.Debug|iPhone.Build.0 = Debug|iPhone
		{9B9C6B51-16EE-4C83-A6CF-A82908FA18BF}.Debug|iPhoneSimulator.ActiveCfg = Debug|iPhoneSimulator
		{9B9C6B51-16EE-4C83-A6CF-A82908FA18BF}.Debug|iPhoneSimulator.Build.0 = Debug|iPhoneSimulator
		{9B9C6B51-16EE-4C83-A6CF-A82908FA18BF}.Release|iPhone.ActiveCfg = Release|iPhone
		{9B9C6B51-16EE-4C83-A6CF-A82908FA18BF}.Release|iPhone.Build.0 = Release|iPhone
		{9B9C6B51-16EE-4C83-A6CF-A82908FA18BF}.Release|iPhoneSimulator.ActiveCfg = Release|iPhoneSimulator
		{9B9C6B51-16EE-4C83-A6CF-A82908FA18BF}.Release|iPhoneSimulator.Build.0 = Release|iPhoneSimulator
	EndGlobalSection
	GlobalSection(MonoDevelopProperties) = preSolution
		StartupItem = CorePlotiOSSample\CorePlotiOSSample.csproj
	EndGlobalSection
EndGlobal
