
Microsoft Visual Studio Solution File, Format Version 10.00
# Visual Studio 2008
Project("{FAE04EC0-301F-11D3-BF4B-00C04F79EFBC}") = "WEPopover", "WEPopover\WEPopover.csproj", "{F8B6A58D-40EA-42C6-B735-DFD1B5B2D915}"
EndProject
Project("{FAE04EC0-301F-11D3-BF4B-00C04F79EFBC}") = "WEPopover.Sample", "WEPopover.Sample\WEPopover.Sample.csproj", "{B10E3ABA-C927-4A45-8F2B-CE595503FD5D}"
EndProject
Global
	GlobalSection(SolutionConfigurationPlatforms) = preSolution
		Debug|Any CPU = Debug|Any CPU
		Release|Any CPU = Release|Any CPU
		Debug|iPhoneSimulator = Debug|iPhoneSimulator
		Release|iPhoneSimulator = Release|iPhoneSimulator
		Debug|iPhone = Debug|iPhone
		Release|iPhone = Release|iPhone
	EndGlobalSection
	GlobalSection(ProjectConfigurationPlatforms) = postSolution
		{B10E3ABA-C927-4A45-8F2B-CE595503FD5D}.Debug|Any CPU.ActiveCfg = Debug|iPhoneSimulator
		{B10E3ABA-C927-4A45-8F2B-CE595503FD5D}.Debug|Any CPU.Build.0 = Debug|iPhoneSimulator
		{B10E3ABA-C927-4A45-8F2B-CE595503FD5D}.Debug|iPhone.ActiveCfg = Debug|iPhone
		{B10E3ABA-C927-4A45-8F2B-CE595503FD5D}.Debug|iPhone.Build.0 = Debug|iPhone
		{B10E3ABA-C927-4A45-8F2B-CE595503FD5D}.Debug|iPhoneSimulator.ActiveCfg = Debug|iPhoneSimulator
		{B10E3ABA-C927-4A45-8F2B-CE595503FD5D}.Debug|iPhoneSimulator.Build.0 = Debug|iPhoneSimulator
		{B10E3ABA-C927-4A45-8F2B-CE595503FD5D}.Release|Any CPU.ActiveCfg = Release|iPhoneSimulator
		{B10E3ABA-C927-4A45-8F2B-CE595503FD5D}.Release|Any CPU.Build.0 = Release|iPhoneSimulator
		{B10E3ABA-C927-4A45-8F2B-CE595503FD5D}.Release|iPhone.ActiveCfg = Release|iPhone
		{B10E3ABA-C927-4A45-8F2B-CE595503FD5D}.Release|iPhone.Build.0 = Release|iPhone
		{B10E3ABA-C927-4A45-8F2B-CE595503FD5D}.Release|iPhoneSimulator.ActiveCfg = Release|iPhoneSimulator
		{B10E3ABA-C927-4A45-8F2B-CE595503FD5D}.Release|iPhoneSimulator.Build.0 = Release|iPhoneSimulator
		{F8B6A58D-40EA-42C6-B735-DFD1B5B2D915}.Debug|Any CPU.ActiveCfg = Debug|Any CPU
		{F8B6A58D-40EA-42C6-B735-DFD1B5B2D915}.Debug|Any CPU.Build.0 = Debug|Any CPU
		{F8B6A58D-40EA-42C6-B735-DFD1B5B2D915}.Release|Any CPU.ActiveCfg = Release|Any CPU
		{F8B6A58D-40EA-42C6-B735-DFD1B5B2D915}.Release|Any CPU.Build.0 = Release|Any CPU
	EndGlobalSection
	GlobalSection(MonoDevelopProperties) = preSolution
		StartupItem = WEPopover.Sample\WEPopover.Sample.csproj
	EndGlobalSection
EndGlobal
