
Microsoft Visual Studio Solution File, Format Version 11.00
# Visual Studio 2010
Project("{FAE04EC0-301F-11D3-BF4B-00C04F79EFBC}") = "Xamarin.FlurryAnalyticsSample", "Xamarin.FlurryAnalyticsSample.csproj", "{C41C8DB5-D450-4D22-8FC2-698CCF09C0DC}"
EndProject
Global
	GlobalSection(SolutionConfigurationPlatforms) = preSolution
		Debug|iPhoneSimulator = Debug|iPhoneSimulator
		Release|iPhoneSimulator = Release|iPhoneSimulator
		Debug|iPhone = Debug|iPhone
		Release|iPhone = Release|iPhone
	EndGlobalSection
	GlobalSection(ProjectConfigurationPlatforms) = postSolution
		{C41C8DB5-D450-4D22-8FC2-698CCF09C0DC}.Debug|iPhone.ActiveCfg = Debug|iPhone
		{C41C8DB5-D450-4D22-8FC2-698CCF09C0DC}.Debug|iPhone.Build.0 = Debug|iPhone
		{C41C8DB5-D450-4D22-8FC2-698CCF09C0DC}.Debug|iPhoneSimulator.ActiveCfg = Debug|iPhoneSimulator
		{C41C8DB5-D450-4D22-8FC2-698CCF09C0DC}.Debug|iPhoneSimulator.Build.0 = Debug|iPhoneSimulator
		{C41C8DB5-D450-4D22-8FC2-698CCF09C0DC}.Release|iPhone.ActiveCfg = Release|iPhone
		{C41C8DB5-D450-4D22-8FC2-698CCF09C0DC}.Release|iPhone.Build.0 = Release|iPhone
		{C41C8DB5-D450-4D22-8FC2-698CCF09C0DC}.Release|iPhoneSimulator.ActiveCfg = Release|iPhoneSimulator
		{C41C8DB5-D450-4D22-8FC2-698CCF09C0DC}.Release|iPhoneSimulator.Build.0 = Release|iPhoneSimulator
	EndGlobalSection
	GlobalSection(MonoDevelopProperties) = preSolution
		StartupItem = Xamarin.FlurryAnalyticsSample.csproj
	EndGlobalSection
EndGlobal
