
Microsoft Visual Studio Solution File, Format Version 12.00
# Visual Studio 2012
VisualStudioVersion = 12.0.30723.0
MinimumVisualStudioVersion = 10.0.40219.1
Project("{FAE04EC0-301F-11D3-BF4B-00C04F79EFBC}") = "LineaProSdk", "LineaProSdk.csproj", "{38514CDC-2178-4EF1-9D2C-519E44D1F4FD}"
EndProject
Project("{FAE04EC0-301F-11D3-BF4B-00C04F79EFBC}") = "LineaProSdkUnified", "LineaProSdkUnified\LineaProSdkUnified.csproj", "{3257474A-4E41-4524-A608-6C492EB70B19}"
EndProject
Global
	GlobalSection(SolutionConfigurationPlatforms) = preSolution
		Debug|Any CPU = Debug|Any CPU
		Release|Any CPU = Release|Any CPU
	EndGlobalSection
	GlobalSection(ProjectConfigurationPlatforms) = postSolution
		{3257474A-4E41-4524-A608-6C492EB70B19}.Debug|Any CPU.ActiveCfg = Debug|Any CPU
		{3257474A-4E41-4524-A608-6C492EB70B19}.Debug|Any CPU.Build.0 = Debug|Any CPU
		{3257474A-4E41-4524-A608-6C492EB70B19}.Release|Any CPU.ActiveCfg = Release|Any CPU
		{3257474A-4E41-4524-A608-6C492EB70B19}.Release|Any CPU.Build.0 = Release|Any CPU
		{38514CDC-2178-4EF1-9D2C-519E44D1F4FD}.Debug|Any CPU.ActiveCfg = Debug|Any CPU
		{38514CDC-2178-4EF1-9D2C-519E44D1F4FD}.Debug|Any CPU.Build.0 = Debug|Any CPU
		{38514CDC-2178-4EF1-9D2C-519E44D1F4FD}.Release|Any CPU.ActiveCfg = Release|Any CPU
		{38514CDC-2178-4EF1-9D2C-519E44D1F4FD}.Release|Any CPU.Build.0 = Release|Any CPU
	EndGlobalSection
	GlobalSection(SolutionProperties) = preSolution
		HideSolutionNode = FALSE
	EndGlobalSection
EndGlobal
