
Microsoft Visual Studio Solution File, Format Version 11.00
# Visual Studio 2010
Project("{FAE04EC0-301F-11D3-BF4B-00C04F79EFBC}") = "TSMiniWebBrowserSample-Component", "TSMiniWebBrowserSample\TSMiniWebBrowserSample-Component.csproj", "{104BB234-3676-4034-9403-ACCF17944407}"
EndProject
Global
	GlobalSection(SolutionConfigurationPlatforms) = preSolution
		Debug|iPhoneSimulator = Debug|iPhoneSimulator
		Release|iPhoneSimulator = Release|iPhoneSimulator
		Debug|iPhone = Debug|iPhone
		Release|iPhone = Release|iPhone
		Ad-Hoc|iPhone = Ad-Hoc|iPhone
		AppStore|iPhone = AppStore|iPhone
	EndGlobalSection
	GlobalSection(ProjectConfigurationPlatforms) = postSolution
		{104BB234-3676-4034-9403-ACCF17944407}.Ad-Hoc|iPhone.ActiveCfg = Ad-Hoc|iPhone
		{104BB234-3676-4034-9403-ACCF17944407}.Ad-Hoc|iPhone.Build.0 = Ad-Hoc|iPhone
		{104BB234-3676-4034-9403-ACCF17944407}.AppStore|iPhone.ActiveCfg = AppStore|iPhone
		{104BB234-3676-4034-9403-ACCF17944407}.AppStore|iPhone.Build.0 = AppStore|iPhone
		{104BB234-3676-4034-9403-ACCF17944407}.Debug|iPhone.ActiveCfg = Debug|iPhone
		{104BB234-3676-4034-9403-ACCF17944407}.Debug|iPhone.Build.0 = Debug|iPhone
		{104BB234-3676-4034-9403-ACCF17944407}.Debug|iPhoneSimulator.ActiveCfg = Debug|iPhoneSimulator
		{104BB234-3676-4034-9403-ACCF17944407}.Debug|iPhoneSimulator.Build.0 = Debug|iPhoneSimulator
		{104BB234-3676-4034-9403-ACCF17944407}.Release|iPhone.ActiveCfg = Release|iPhone
		{104BB234-3676-4034-9403-ACCF17944407}.Release|iPhone.Build.0 = Release|iPhone
		{104BB234-3676-4034-9403-ACCF17944407}.Release|iPhoneSimulator.ActiveCfg = Release|iPhoneSimulator
		{104BB234-3676-4034-9403-ACCF17944407}.Release|iPhoneSimulator.Build.0 = Release|iPhoneSimulator
	EndGlobalSection
	GlobalSection(MonoDevelopProperties) = preSolution
		StartupItem = TSMiniWebBrowserSample\TSMiniWebBrowserSample-Component.csproj
	EndGlobalSection
EndGlobal
