
Microsoft Visual Studio Solution File, Format Version 11.00
# Visual Studio 2010
Project("{FAE04EC0-301F-11D3-BF4B-00C04F79EFBC}") = "GoogleMapsAdvSample", "GoogleMapsAdvSample\GoogleMapsAdvSample.csproj", "{1AA78CE3-4FB5-4A85-B38C-320A5C8BDC8D}"
EndProject
Global
	GlobalSection(SolutionConfigurationPlatforms) = preSolution
		Debug|iPhoneSimulator = Debug|iPhoneSimulator
		Release|iPhoneSimulator = Release|iPhoneSimulator
		Debug|iPhone = Debug|iPhone
		Release|iPhone = Release|iPhone
		Ad-Hoc|iPhone = Ad-Hoc|iPhone
		AppStore|iPhone = AppStore|iPhone
	EndGlobalSection
	GlobalSection(ProjectConfigurationPlatforms) = postSolution
		{1AA78CE3-4FB5-4A85-B38C-320A5C8BDC8D}.Ad-Hoc|iPhone.ActiveCfg = Ad-Hoc|iPhone
		{1AA78CE3-4FB5-4A85-B38C-320A5C8BDC8D}.Ad-Hoc|iPhone.Build.0 = Ad-Hoc|iPhone
		{1AA78CE3-4FB5-4A85-B38C-320A5C8BDC8D}.AppStore|iPhone.ActiveCfg = AppStore|iPhone
		{1AA78CE3-4FB5-4A85-B38C-320A5C8BDC8D}.AppStore|iPhone.Build.0 = AppStore|iPhone
		{1AA78CE3-4FB5-4A85-B38C-320A5C8BDC8D}.Debug|iPhone.ActiveCfg = Debug|iPhone
		{1AA78CE3-4FB5-4A85-B38C-320A5C8BDC8D}.Debug|iPhone.Build.0 = Debug|iPhone
		{1AA78CE3-4FB5-4A85-B38C-320A5C8BDC8D}.Debug|iPhoneSimulator.ActiveCfg = Debug|iPhoneSimulator
		{1AA78CE3-4FB5-4A85-B38C-320A5C8BDC8D}.Debug|iPhoneSimulator.Build.0 = Debug|iPhoneSimulator
		{1AA78CE3-4FB5-4A85-B38C-320A5C8BDC8D}.Release|iPhone.ActiveCfg = Release|iPhone
		{1AA78CE3-4FB5-4A85-B38C-320A5C8BDC8D}.Release|iPhone.Build.0 = Release|iPhone
		{1AA78CE3-4FB5-4A85-B38C-320A5C8BDC8D}.Release|iPhoneSimulator.ActiveCfg = Release|iPhoneSimulator
		{1AA78CE3-4FB5-4A85-B38C-320A5C8BDC8D}.Release|iPhoneSimulator.Build.0 = Release|iPhoneSimulator
	EndGlobalSection
	GlobalSection(MonoDevelopProperties) = preSolution
		StartupItem = GoogleMapsAdvSample\GoogleMapsAdvSample.csproj
	EndGlobalSection
EndGlobal
