
Microsoft Visual Studio Solution File, Format Version 11.00
# Visual Studio 2010
Project("{FAE04EC0-301F-11D3-BF4B-00C04F79EFBC}") = "ZipTest", "ZipTest.csproj", "{249FABD1-C6A6-4DBD-8D49-44584532C548}"
EndProject
Global
	GlobalSection(SolutionConfigurationPlatforms) = preSolution
		Debug|iPhoneSimulator = Debug|iPhoneSimulator
		Release|iPhoneSimulator = Release|iPhoneSimulator
		Debug|iPhone = Debug|iPhone
		Release|iPhone = Release|iPhone
		Ad-Hoc|iPhone = Ad-Hoc|iPhone
		AppStore|iPhone = AppStore|iPhone
	EndGlobalSection
	GlobalSection(ProjectConfigurationPlatforms) = postSolution
		{249FABD1-C6A6-4DBD-8D49-44584532C548}.Ad-Hoc|iPhone.ActiveCfg = Ad-Hoc|iPhone
		{249FABD1-C6A6-4DBD-8D49-44584532C548}.Ad-Hoc|iPhone.Build.0 = Ad-Hoc|iPhone
		{249FABD1-C6A6-4DBD-8D49-44584532C548}.AppStore|iPhone.ActiveCfg = AppStore|iPhone
		{249FABD1-C6A6-4DBD-8D49-44584532C548}.AppStore|iPhone.Build.0 = AppStore|iPhone
		{249FABD1-C6A6-4DBD-8D49-44584532C548}.Debug|iPhone.ActiveCfg = Debug|iPhone
		{249FABD1-C6A6-4DBD-8D49-44584532C548}.Debug|iPhone.Build.0 = Debug|iPhone
		{249FABD1-C6A6-4DBD-8D49-44584532C548}.Debug|iPhoneSimulator.ActiveCfg = Debug|iPhoneSimulator
		{249FABD1-C6A6-4DBD-8D49-44584532C548}.Debug|iPhoneSimulator.Build.0 = Debug|iPhoneSimulator
		{249FABD1-C6A6-4DBD-8D49-44584532C548}.Release|iPhone.ActiveCfg = Release|iPhone
		{249FABD1-C6A6-4DBD-8D49-44584532C548}.Release|iPhone.Build.0 = Release|iPhone
		{249FABD1-C6A6-4DBD-8D49-44584532C548}.Release|iPhoneSimulator.ActiveCfg = Release|iPhoneSimulator
		{249FABD1-C6A6-4DBD-8D49-44584532C548}.Release|iPhoneSimulator.Build.0 = Release|iPhoneSimulator
	EndGlobalSection
	GlobalSection(MonoDevelopProperties) = preSolution
		StartupItem = ZipTest.csproj
	EndGlobalSection
EndGlobal
