
Microsoft Visual Studio Solution File, Format Version 11.00
# Visual Studio 2010
Project("{FAE04EC0-301F-11D3-BF4B-00C04F79EFBC}") = "PinterestSample", "PinterestSample\PinterestSample.csproj", "{B665BAE7-62EF-456D-A9D8-2265F539030D}"
EndProject
Global
	GlobalSection(SolutionConfigurationPlatforms) = preSolution
		Debug|iPhoneSimulator = Debug|iPhoneSimulator
		Release|iPhoneSimulator = Release|iPhoneSimulator
		Debug|iPhone = Debug|iPhone
		Release|iPhone = Release|iPhone
		Ad-Hoc|iPhone = Ad-Hoc|iPhone
		AppStore|iPhone = AppStore|iPhone
	EndGlobalSection
	GlobalSection(ProjectConfigurationPlatforms) = postSolution
		{B665BAE7-62EF-456D-A9D8-2265F539030D}.Ad-Hoc|iPhone.ActiveCfg = Ad-Hoc|iPhone
		{B665BAE7-62EF-456D-A9D8-2265F539030D}.Ad-Hoc|iPhone.Build.0 = Ad-Hoc|iPhone
		{B665BAE7-62EF-456D-A9D8-2265F539030D}.AppStore|iPhone.ActiveCfg = AppStore|iPhone
		{B665BAE7-62EF-456D-A9D8-2265F539030D}.AppStore|iPhone.Build.0 = AppStore|iPhone
		{B665BAE7-62EF-456D-A9D8-2265F539030D}.Debug|iPhone.ActiveCfg = Debug|iPhone
		{B665BAE7-62EF-456D-A9D8-2265F539030D}.Debug|iPhone.Build.0 = Debug|iPhone
		{B665BAE7-62EF-456D-A9D8-2265F539030D}.Debug|iPhoneSimulator.ActiveCfg = Debug|iPhoneSimulator
		{B665BAE7-62EF-456D-A9D8-2265F539030D}.Debug|iPhoneSimulator.Build.0 = Debug|iPhoneSimulator
		{B665BAE7-62EF-456D-A9D8-2265F539030D}.Release|iPhone.ActiveCfg = Release|iPhone
		{B665BAE7-62EF-456D-A9D8-2265F539030D}.Release|iPhone.Build.0 = Release|iPhone
		{B665BAE7-62EF-456D-A9D8-2265F539030D}.Release|iPhoneSimulator.ActiveCfg = Release|iPhoneSimulator
		{B665BAE7-62EF-456D-A9D8-2265F539030D}.Release|iPhoneSimulator.Build.0 = Release|iPhoneSimulator
	EndGlobalSection
	GlobalSection(MonoDevelopProperties) = preSolution
		StartupItem = PinterestSample\PinterestSample.csproj
	EndGlobalSection
EndGlobal
