
Microsoft Visual Studio Solution File, Format Version 12.00
# Visual Studio 2012
Project("{FAE04EC0-301F-11D3-BF4B-00C04F79EFBC}") = "PinterestSample", "PinterestSample\PinterestSample.csproj", "{B665BAE7-62EF-456D-A9D8-2265F539030D}"
EndProject
Global
	GlobalSection(SolutionConfigurationPlatforms) = preSolution
		Ad-Hoc|Any CPU = Ad-Hoc|Any CPU
		Ad-Hoc|iPhone = Ad-Hoc|iPhone
		Ad-Hoc|iPhoneSimulator = Ad-Hoc|iPhoneSimulator
		Ad-Hoc|Mixed Platforms = Ad-Hoc|Mixed Platforms
		AppStore|Any CPU = AppStore|Any CPU
		AppStore|iPhone = AppStore|iPhone
		AppStore|iPhoneSimulator = AppStore|iPhoneSimulator
		AppStore|Mixed Platforms = AppStore|Mixed Platforms
		Debug|Any CPU = Debug|Any CPU
		Debug|iPhone = Debug|iPhone
		Debug|iPhoneSimulator = Debug|iPhoneSimulator
		Debug|Mixed Platforms = Debug|Mixed Platforms
		Release|Any CPU = Release|Any CPU
		Release|iPhone = Release|iPhone
		Release|iPhoneSimulator = Release|iPhoneSimulator
		Release|Mixed Platforms = Release|Mixed Platforms
	EndGlobalSection
	GlobalSection(ProjectConfigurationPlatforms) = postSolution
		{B665BAE7-62EF-456D-A9D8-2265F539030D}.Ad-Hoc|Any CPU.ActiveCfg = Ad-Hoc|iPhone
		{B665BAE7-62EF-456D-A9D8-2265F539030D}.Ad-Hoc|Any CPU.Build.0 = Ad-Hoc|iPhone
		{B665BAE7-62EF-456D-A9D8-2265F539030D}.Ad-Hoc|iPhone.ActiveCfg = Ad-Hoc|iPhone
		{B665BAE7-62EF-456D-A9D8-2265F539030D}.Ad-Hoc|iPhone.Build.0 = Ad-Hoc|iPhone
		{B665BAE7-62EF-456D-A9D8-2265F539030D}.Ad-Hoc|iPhoneSimulator.ActiveCfg = Ad-Hoc|iPhone
		{B665BAE7-62EF-456D-A9D8-2265F539030D}.Ad-Hoc|iPhoneSimulator.Build.0 = Ad-Hoc|iPhone
		{B665BAE7-62EF-456D-A9D8-2265F539030D}.Ad-Hoc|Mixed Platforms.ActiveCfg = Ad-Hoc|iPhoneSimulator
		{B665BAE7-62EF-456D-A9D8-2265F539030D}.Ad-Hoc|Mixed Platforms.Build.0 = Ad-Hoc|iPhoneSimulator
		{B665BAE7-62EF-456D-A9D8-2265F539030D}.AppStore|Any CPU.ActiveCfg = AppStore|iPhoneSimulator
		{B665BAE7-62EF-456D-A9D8-2265F539030D}.AppStore|Any CPU.Build.0 = AppStore|iPhoneSimulator
		{B665BAE7-62EF-456D-A9D8-2265F539030D}.AppStore|iPhone.ActiveCfg = AppStore|iPhone
		{B665BAE7-62EF-456D-A9D8-2265F539030D}.AppStore|iPhone.Build.0 = AppStore|iPhone
		{B665BAE7-62EF-456D-A9D8-2265F539030D}.AppStore|iPhoneSimulator.ActiveCfg = AppStore|iPhone
		{B665BAE7-62EF-456D-A9D8-2265F539030D}.AppStore|iPhoneSimulator.Build.0 = AppStore|iPhone
		{B665BAE7-62EF-456D-A9D8-2265F539030D}.AppStore|Mixed Platforms.ActiveCfg = AppStore|iPhoneSimulator
		{B665BAE7-62EF-456D-A9D8-2265F539030D}.AppStore|Mixed Platforms.Build.0 = AppStore|iPhoneSimulator
		{B665BAE7-62EF-456D-A9D8-2265F539030D}.Debug|Any CPU.ActiveCfg = Debug|iPhoneSimulator
		{B665BAE7-62EF-456D-A9D8-2265F539030D}.Debug|Any CPU.Build.0 = Debug|iPhoneSimulator
		{B665BAE7-62EF-456D-A9D8-2265F539030D}.Debug|iPhone.ActiveCfg = Debug|iPhone
		{B665BAE7-62EF-456D-A9D8-2265F539030D}.Debug|iPhone.Build.0 = Debug|iPhone
		{B665BAE7-62EF-456D-A9D8-2265F539030D}.Debug|iPhoneSimulator.ActiveCfg = Debug|iPhoneSimulator
		{B665BAE7-62EF-456D-A9D8-2265F539030D}.Debug|iPhoneSimulator.Build.0 = Debug|iPhoneSimulator
		{B665BAE7-62EF-456D-A9D8-2265F539030D}.Debug|Mixed Platforms.ActiveCfg = Debug|iPhoneSimulator
		{B665BAE7-62EF-456D-A9D8-2265F539030D}.Debug|Mixed Platforms.Build.0 = Debug|iPhoneSimulator
		{B665BAE7-62EF-456D-A9D8-2265F539030D}.Release|Any CPU.ActiveCfg = Release|iPhoneSimulator
		{B665BAE7-62EF-456D-A9D8-2265F539030D}.Release|Any CPU.Build.0 = Release|iPhoneSimulator
		{B665BAE7-62EF-456D-A9D8-2265F539030D}.Release|iPhone.ActiveCfg = Release|iPhone
		{B665BAE7-62EF-456D-A9D8-2265F539030D}.Release|iPhone.Build.0 = Release|iPhone
		{B665BAE7-62EF-456D-A9D8-2265F539030D}.Release|iPhoneSimulator.ActiveCfg = Release|iPhoneSimulator
		{B665BAE7-62EF-456D-A9D8-2265F539030D}.Release|iPhoneSimulator.Build.0 = Release|iPhoneSimulator
		{B665BAE7-62EF-456D-A9D8-2265F539030D}.Release|Mixed Platforms.ActiveCfg = Release|iPhoneSimulator
		{B665BAE7-62EF-456D-A9D8-2265F539030D}.Release|Mixed Platforms.Build.0 = Release|iPhoneSimulator
	EndGlobalSection
	GlobalSection(MonoDevelopProperties) = preSolution
		StartupItem = PinterestSample\PinterestSample.csproj
	EndGlobalSection
	GlobalSection(SolutionProperties) = preSolution
		HideSolutionNode = FALSE
	EndGlobalSection
EndGlobal
