
Microsoft Visual Studio Solution File, Format Version 11.00
# Visual Studio 2010
Project("{FAE04EC0-301F-11D3-BF4B-00C04F79EFBC}") = "Chipmunk#", "PhysicsSystem\Chipmunk#.csproj", "{3459A5CA-A1A2-4F80-87B7-2EBD1196C522}"
EndProject
Global
	GlobalSection(SolutionConfigurationPlatforms) = preSolution
		Debug|iPhoneSimulator = Debug|iPhoneSimulator
		Release|iPhoneSimulator = Release|iPhoneSimulator
		Debug|iPhone = Debug|iPhone
		Release|iPhone = Release|iPhone
		Ad-Hoc|iPhone = Ad-Hoc|iPhone
		AppStore|iPhone = AppStore|iPhone
	EndGlobalSection
	GlobalSection(ProjectConfigurationPlatforms) = postSolution
		{3459A5CA-A1A2-4F80-87B7-2EBD1196C522}.Ad-Hoc|iPhone.ActiveCfg = Ad-Hoc|iPhone
		{3459A5CA-A1A2-4F80-87B7-2EBD1196C522}.Ad-Hoc|iPhone.Build.0 = Ad-Hoc|iPhone
		{3459A5CA-A1A2-4F80-87B7-2EBD1196C522}.AppStore|iPhone.ActiveCfg = AppStore|iPhone
		{3459A5CA-A1A2-4F80-87B7-2EBD1196C522}.AppStore|iPhone.Build.0 = AppStore|iPhone
		{3459A5CA-A1A2-4F80-87B7-2EBD1196C522}.Debug|iPhone.ActiveCfg = Debug|iPhone
		{3459A5CA-A1A2-4F80-87B7-2EBD1196C522}.Debug|iPhone.Build.0 = Debug|iPhone
		{3459A5CA-A1A2-4F80-87B7-2EBD1196C522}.Debug|iPhoneSimulator.ActiveCfg = Debug|iPhoneSimulator
		{3459A5CA-A1A2-4F80-87B7-2EBD1196C522}.Debug|iPhoneSimulator.Build.0 = Debug|iPhoneSimulator
		{3459A5CA-A1A2-4F80-87B7-2EBD1196C522}.Release|iPhone.ActiveCfg = Release|iPhone
		{3459A5CA-A1A2-4F80-87B7-2EBD1196C522}.Release|iPhone.Build.0 = Release|iPhone
		{3459A5CA-A1A2-4F80-87B7-2EBD1196C522}.Release|iPhoneSimulator.ActiveCfg = Release|iPhoneSimulator
		{3459A5CA-A1A2-4F80-87B7-2EBD1196C522}.Release|iPhoneSimulator.Build.0 = Release|iPhoneSimulator
	EndGlobalSection
	GlobalSection(MonoDevelopProperties) = preSolution
		StartupItem = PhysicsSystem\Chipmunk#.csproj
	EndGlobalSection
EndGlobal
