
Microsoft Visual Studio Solution File, Format Version 11.00
# Visual Studio 2010
Project("{FAE04EC0-301F-11D3-BF4B-00C04F79EFBC}") = "FlurryAppCircleSample", "FlurryAppCircleSample\FlurryAppCircleSample.csproj", "{39B3D196-BC6B-459D-9C2D-57DB6FA038CF}"
EndProject
Global
	GlobalSection(SolutionConfigurationPlatforms) = preSolution
		Debug|iPhoneSimulator = Debug|iPhoneSimulator
		Release|iPhoneSimulator = Release|iPhoneSimulator
		Debug|iPhone = Debug|iPhone
		Release|iPhone = Release|iPhone
	EndGlobalSection
	GlobalSection(ProjectConfigurationPlatforms) = postSolution
		{39B3D196-BC6B-459D-9C2D-57DB6FA038CF}.Debug|iPhone.ActiveCfg = Debug|iPhone
		{39B3D196-BC6B-459D-9C2D-57DB6FA038CF}.Debug|iPhone.Build.0 = Debug|iPhone
		{39B3D196-BC6B-459D-9C2D-57DB6FA038CF}.Debug|iPhoneSimulator.ActiveCfg = Debug|iPhoneSimulator
		{39B3D196-BC6B-459D-9C2D-57DB6FA038CF}.Debug|iPhoneSimulator.Build.0 = Debug|iPhoneSimulator
		{39B3D196-BC6B-459D-9C2D-57DB6FA038CF}.Release|iPhone.ActiveCfg = Release|iPhone
		{39B3D196-BC6B-459D-9C2D-57DB6FA038CF}.Release|iPhone.Build.0 = Release|iPhone
		{39B3D196-BC6B-459D-9C2D-57DB6FA038CF}.Release|iPhoneSimulator.ActiveCfg = Release|iPhoneSimulator
		{39B3D196-BC6B-459D-9C2D-57DB6FA038CF}.Release|iPhoneSimulator.Build.0 = Release|iPhoneSimulator
	EndGlobalSection
	GlobalSection(MonoDevelopProperties) = preSolution
		StartupItem = FlurryAppCircleSample\FlurryAppCircleSample.csproj
	EndGlobalSection
EndGlobal
