
Microsoft Visual Studio Solution File, Format Version 12.00
# Visual Studio 2012
Project("{FAE04EC0-301F-11D3-BF4B-00C04F79EFBC}") = "iPhoneApp", "iPhoneApp\iPhoneApp.csproj", "{BA2BC91F-EB1E-4DD4-9792-D59F9F0A850F}"
EndProject
Global
	GlobalSection(SolutionConfigurationPlatforms) = preSolution
		Debug|iPhoneSimulator = Debug|iPhoneSimulator
		Release|iPhoneSimulator = Release|iPhoneSimulator
		Debug|iPhone = Debug|iPhone
		Release|iPhone = Release|iPhone
		Ad-Hoc|iPhone = Ad-Hoc|iPhone
		AppStore|iPhone = AppStore|iPhone
	EndGlobalSection
	GlobalSection(ProjectConfigurationPlatforms) = postSolution
		{BA2BC91F-EB1E-4DD4-9792-D59F9F0A850F}.Ad-Hoc|iPhone.ActiveCfg = Ad-Hoc|iPhone
		{BA2BC91F-EB1E-4DD4-9792-D59F9F0A850F}.Ad-Hoc|iPhone.Build.0 = Ad-Hoc|iPhone
		{BA2BC91F-EB1E-4DD4-9792-D59F9F0A850F}.AppStore|iPhone.ActiveCfg = AppStore|iPhone
		{BA2BC91F-EB1E-4DD4-9792-D59F9F0A850F}.AppStore|iPhone.Build.0 = AppStore|iPhone
		{BA2BC91F-EB1E-4DD4-9792-D59F9F0A850F}.Debug|iPhone.ActiveCfg = Debug|iPhone
		{BA2BC91F-EB1E-4DD4-9792-D59F9F0A850F}.Debug|iPhone.Build.0 = Debug|iPhone
		{BA2BC91F-EB1E-4DD4-9792-D59F9F0A850F}.Debug|iPhoneSimulator.ActiveCfg = Debug|iPhoneSimulator
		{BA2BC91F-EB1E-4DD4-9792-D59F9F0A850F}.Debug|iPhoneSimulator.Build.0 = Debug|iPhoneSimulator
		{BA2BC91F-EB1E-4DD4-9792-D59F9F0A850F}.Release|iPhone.ActiveCfg = Release|iPhone
		{BA2BC91F-EB1E-4DD4-9792-D59F9F0A850F}.Release|iPhone.Build.0 = Release|iPhone
		{BA2BC91F-EB1E-4DD4-9792-D59F9F0A850F}.Release|iPhoneSimulator.ActiveCfg = Release|iPhoneSimulator
		{BA2BC91F-EB1E-4DD4-9792-D59F9F0A850F}.Release|iPhoneSimulator.Build.0 = Release|iPhoneSimulator
	EndGlobalSection
	GlobalSection(MonoDevelopProperties) = preSolution
		StartupItem = iPhoneApp\iPhoneApp.csproj
	EndGlobalSection
EndGlobal
