
Microsoft Visual Studio Solution File, Format Version 11.00
# Visual Studio 2010
Project("{FAE04EC0-301F-11D3-BF4B-00C04F79EFBC}") = "EstimoteSample.iOS", "EstimoteSample.iOS.csproj", "{24797A5F-D909-4DF6-A308-49858D877D86}"
EndProject
Global
	GlobalSection(SolutionConfigurationPlatforms) = preSolution
		Debug|Any CPU = Debug|Any CPU
		Release|Any CPU = Release|Any CPU
		Debug|iPhoneSimulator = Debug|iPhoneSimulator
		Release|iPhoneSimulator = Release|iPhoneSimulator
		Debug|iPhone = Debug|iPhone
		Release|iPhone = Release|iPhone
		Ad-Hoc|iPhone = Ad-Hoc|iPhone
		AppStore|iPhone = AppStore|iPhone
	EndGlobalSection
	GlobalSection(ProjectConfigurationPlatforms) = postSolution
		{24797A5F-D909-4DF6-A308-49858D877D86}.Ad-Hoc|iPhone.ActiveCfg = Ad-Hoc|iPhone
		{24797A5F-D909-4DF6-A308-49858D877D86}.Ad-Hoc|iPhone.Build.0 = Ad-Hoc|iPhone
		{24797A5F-D909-4DF6-A308-49858D877D86}.AppStore|iPhone.ActiveCfg = AppStore|iPhone
		{24797A5F-D909-4DF6-A308-49858D877D86}.AppStore|iPhone.Build.0 = AppStore|iPhone
		{24797A5F-D909-4DF6-A308-49858D877D86}.Debug|Any CPU.ActiveCfg = Debug|iPhoneSimulator
		{24797A5F-D909-4DF6-A308-49858D877D86}.Debug|Any CPU.Build.0 = Debug|iPhoneSimulator
		{24797A5F-D909-4DF6-A308-49858D877D86}.Debug|iPhone.ActiveCfg = Debug|iPhone
		{24797A5F-D909-4DF6-A308-49858D877D86}.Debug|iPhone.Build.0 = Debug|iPhone
		{24797A5F-D909-4DF6-A308-49858D877D86}.Debug|iPhoneSimulator.ActiveCfg = Debug|iPhoneSimulator
		{24797A5F-D909-4DF6-A308-49858D877D86}.Debug|iPhoneSimulator.Build.0 = Debug|iPhoneSimulator
		{24797A5F-D909-4DF6-A308-49858D877D86}.Release|Any CPU.ActiveCfg = Debug|iPhoneSimulator
		{24797A5F-D909-4DF6-A308-49858D877D86}.Release|Any CPU.Build.0 = Debug|iPhoneSimulator
		{24797A5F-D909-4DF6-A308-49858D877D86}.Release|iPhone.ActiveCfg = Release|iPhone
		{24797A5F-D909-4DF6-A308-49858D877D86}.Release|iPhone.Build.0 = Release|iPhone
		{24797A5F-D909-4DF6-A308-49858D877D86}.Release|iPhoneSimulator.ActiveCfg = Release|iPhoneSimulator
		{24797A5F-D909-4DF6-A308-49858D877D86}.Release|iPhoneSimulator.Build.0 = Release|iPhoneSimulator
	EndGlobalSection
	GlobalSection(MonoDevelopProperties) = preSolution
		StartupItem = EstimoteSample.iOS.csproj
	EndGlobalSection
EndGlobal
