
Microsoft Visual Studio Solution File, Format Version 11.00
# Visual Studio 2010
Project("{FAE04EC0-301F-11D3-BF4B-00C04F79EFBC}") = "DropBoxSyncSampleiOS", "DropBoxSyncSampleiOS\DropBoxSyncSampleiOS.csproj", "{9F63FFF8-C88D-4331-B808-B013FAA0D8E8}"
EndProject
Global
	GlobalSection(SolutionConfigurationPlatforms) = preSolution
		Debug|iPhoneSimulator = Debug|iPhoneSimulator
		Release|iPhoneSimulator = Release|iPhoneSimulator
		Debug|iPhone = Debug|iPhone
		Release|iPhone = Release|iPhone
		Ad-Hoc|iPhone = Ad-Hoc|iPhone
		AppStore|iPhone = AppStore|iPhone
	EndGlobalSection
	GlobalSection(ProjectConfigurationPlatforms) = postSolution
		{9F63FFF8-C88D-4331-B808-B013FAA0D8E8}.Ad-Hoc|iPhone.ActiveCfg = Ad-Hoc|iPhone
		{9F63FFF8-C88D-4331-B808-B013FAA0D8E8}.Ad-Hoc|iPhone.Build.0 = Ad-Hoc|iPhone
		{9F63FFF8-C88D-4331-B808-B013FAA0D8E8}.AppStore|iPhone.ActiveCfg = AppStore|iPhone
		{9F63FFF8-C88D-4331-B808-B013FAA0D8E8}.AppStore|iPhone.Build.0 = AppStore|iPhone
		{9F63FFF8-C88D-4331-B808-B013FAA0D8E8}.Debug|iPhone.ActiveCfg = Debug|iPhone
		{9F63FFF8-C88D-4331-B808-B013FAA0D8E8}.Debug|iPhone.Build.0 = Debug|iPhone
		{9F63FFF8-C88D-4331-B808-B013FAA0D8E8}.Debug|iPhoneSimulator.ActiveCfg = Debug|iPhoneSimulator
		{9F63FFF8-C88D-4331-B808-B013FAA0D8E8}.Debug|iPhoneSimulator.Build.0 = Debug|iPhoneSimulator
		{9F63FFF8-C88D-4331-B808-B013FAA0D8E8}.Release|iPhone.ActiveCfg = Release|iPhone
		{9F63FFF8-C88D-4331-B808-B013FAA0D8E8}.Release|iPhone.Build.0 = Release|iPhone
		{9F63FFF8-C88D-4331-B808-B013FAA0D8E8}.Release|iPhoneSimulator.ActiveCfg = Release|iPhoneSimulator
		{9F63FFF8-C88D-4331-B808-B013FAA0D8E8}.Release|iPhoneSimulator.Build.0 = Release|iPhoneSimulator
	EndGlobalSection
	GlobalSection(MonoDevelopProperties) = preSolution
		StartupItem = DropBoxSyncSampleiOS\DropBoxSyncSampleiOS.csproj
	EndGlobalSection
EndGlobal
