
Microsoft Visual Studio Solution File, Format Version 11.00
# Visual Studio 2010
Project("{FAE04EC0-301F-11D3-BF4B-00C04F79EFBC}") = "PHFComposeBarView", "PHFComposeBarView.csproj", "{F798D57B-891C-49B5-BA8A-B98C45BF608E}"
EndProject
Project("{FAE04EC0-301F-11D3-BF4B-00C04F79EFBC}") = "PHFComposeBarView-Classic", "PHFComposeBarView-Classic.csproj", "{5E2306AE-4447-46E0-A928-F63D38E00B53}"
EndProject
Global
	GlobalSection(SolutionConfigurationPlatforms) = preSolution
		Debug|Any CPU = Debug|Any CPU
		Release|Any CPU = Release|Any CPU
	EndGlobalSection
	GlobalSection(ProjectConfigurationPlatforms) = postSolution
		{5E2306AE-4447-46E0-A928-F63D38E00B53}.Debug|Any CPU.ActiveCfg = Debug|Any CPU
		{5E2306AE-4447-46E0-A928-F63D38E00B53}.Debug|Any CPU.Build.0 = Debug|Any CPU
		{5E2306AE-4447-46E0-A928-F63D38E00B53}.Release|Any CPU.ActiveCfg = Release|Any CPU
		{5E2306AE-4447-46E0-A928-F63D38E00B53}.Release|Any CPU.Build.0 = Release|Any CPU
		{F798D57B-891C-49B5-BA8A-B98C45BF608E}.Debug|Any CPU.ActiveCfg = Debug|Any CPU
		{F798D57B-891C-49B5-BA8A-B98C45BF608E}.Debug|Any CPU.Build.0 = Debug|Any CPU
		{F798D57B-891C-49B5-BA8A-B98C45BF608E}.Release|Any CPU.ActiveCfg = Release|Any CPU
		{F798D57B-891C-49B5-BA8A-B98C45BF608E}.Release|Any CPU.Build.0 = Release|Any CPU
	EndGlobalSection
	GlobalSection(MonoDevelopProperties) = preSolution
		StartupItem = PHFComposeBarView.csproj
	EndGlobalSection
	GlobalSection(SolutionProperties) = preSolution
		HideSolutionNode = FALSE
	EndGlobalSection
EndGlobal
