
Microsoft Visual Studio Solution File, Format Version 12.00
# Visual Studio 2012
Project("{FAE04EC0-301F-11D3-BF4B-00C04F79EFBC}") = "HockeyAppSampleiOS", "HockeyAppSampleiOS\HockeyAppSampleiOS.csproj", "{B4CF8C10-58E4-4D4B-B61F-485F5F010554}"
EndProject
Project("{FAE04EC0-301F-11D3-BF4B-00C04F79EFBC}") = "HockeyApp.iOS", "..\..\binding\HockeyApp.iOS.csproj", "{64574EFC-9C95-4764-ABAC-6A9A721CB366}"
EndProject
Global
	GlobalSection(SolutionConfigurationPlatforms) = preSolution
		Debug|Any CPU = Debug|Any CPU
		Release|Any CPU = Release|Any CPU
		Debug|iPhoneSimulator = Debug|iPhoneSimulator
		Release|iPhoneSimulator = Release|iPhoneSimulator
		Debug|iPhone = Debug|iPhone
		Release|iPhone = Release|iPhone
		Ad-Hoc|iPhone = Ad-Hoc|iPhone
		AppStore|iPhone = AppStore|iPhone
	EndGlobalSection
	GlobalSection(ProjectConfigurationPlatforms) = postSolution
		{64574EFC-9C95-4764-ABAC-6A9A721CB366}.Ad-Hoc|iPhone.ActiveCfg = Release|Any CPU
		{64574EFC-9C95-4764-ABAC-6A9A721CB366}.Ad-Hoc|iPhone.Build.0 = Release|Any CPU
		{64574EFC-9C95-4764-ABAC-6A9A721CB366}.AppStore|iPhone.ActiveCfg = Release|Any CPU
		{64574EFC-9C95-4764-ABAC-6A9A721CB366}.AppStore|iPhone.Build.0 = Release|Any CPU
		{64574EFC-9C95-4764-ABAC-6A9A721CB366}.Debug|Any CPU.ActiveCfg = Debug|Any CPU
		{64574EFC-9C95-4764-ABAC-6A9A721CB366}.Debug|Any CPU.Build.0 = Debug|Any CPU
		{64574EFC-9C95-4764-ABAC-6A9A721CB366}.Debug|iPhone.ActiveCfg = Debug|Any CPU
		{64574EFC-9C95-4764-ABAC-6A9A721CB366}.Debug|iPhone.Build.0 = Debug|Any CPU
		{64574EFC-9C95-4764-ABAC-6A9A721CB366}.Debug|iPhoneSimulator.ActiveCfg = Debug|Any CPU
		{64574EFC-9C95-4764-ABAC-6A9A721CB366}.Debug|iPhoneSimulator.Build.0 = Debug|Any CPU
		{64574EFC-9C95-4764-ABAC-6A9A721CB366}.Release|Any CPU.ActiveCfg = Release|Any CPU
		{64574EFC-9C95-4764-ABAC-6A9A721CB366}.Release|Any CPU.Build.0 = Release|Any CPU
		{64574EFC-9C95-4764-ABAC-6A9A721CB366}.Release|iPhone.ActiveCfg = Release|Any CPU
		{64574EFC-9C95-4764-ABAC-6A9A721CB366}.Release|iPhone.Build.0 = Release|Any CPU
		{64574EFC-9C95-4764-ABAC-6A9A721CB366}.Release|iPhoneSimulator.ActiveCfg = Release|Any CPU
		{64574EFC-9C95-4764-ABAC-6A9A721CB366}.Release|iPhoneSimulator.Build.0 = Release|Any CPU
		{B4CF8C10-58E4-4D4B-B61F-485F5F010554}.Ad-Hoc|iPhone.ActiveCfg = Ad-Hoc|iPhone
		{B4CF8C10-58E4-4D4B-B61F-485F5F010554}.Ad-Hoc|iPhone.Build.0 = Ad-Hoc|iPhone
		{B4CF8C10-58E4-4D4B-B61F-485F5F010554}.AppStore|iPhone.ActiveCfg = AppStore|iPhone
		{B4CF8C10-58E4-4D4B-B61F-485F5F010554}.AppStore|iPhone.Build.0 = AppStore|iPhone
		{B4CF8C10-58E4-4D4B-B61F-485F5F010554}.Debug|Any CPU.ActiveCfg = Debug|iPhoneSimulator
		{B4CF8C10-58E4-4D4B-B61F-485F5F010554}.Debug|Any CPU.Build.0 = Debug|iPhoneSimulator
		{B4CF8C10-58E4-4D4B-B61F-485F5F010554}.Debug|iPhone.ActiveCfg = Debug|iPhone
		{B4CF8C10-58E4-4D4B-B61F-485F5F010554}.Debug|iPhone.Build.0 = Debug|iPhone
		{B4CF8C10-58E4-4D4B-B61F-485F5F010554}.Debug|iPhoneSimulator.ActiveCfg = Debug|iPhoneSimulator
		{B4CF8C10-58E4-4D4B-B61F-485F5F010554}.Debug|iPhoneSimulator.Build.0 = Debug|iPhoneSimulator
		{B4CF8C10-58E4-4D4B-B61F-485F5F010554}.Release|Any CPU.ActiveCfg = Release|iPhoneSimulator
		{B4CF8C10-58E4-4D4B-B61F-485F5F010554}.Release|Any CPU.Build.0 = Release|iPhoneSimulator
		{B4CF8C10-58E4-4D4B-B61F-485F5F010554}.Release|iPhone.ActiveCfg = Release|iPhone
		{B4CF8C10-58E4-4D4B-B61F-485F5F010554}.Release|iPhone.Build.0 = Release|iPhone
		{B4CF8C10-58E4-4D4B-B61F-485F5F010554}.Release|iPhoneSimulator.ActiveCfg = Release|iPhoneSimulator
		{B4CF8C10-58E4-4D4B-B61F-485F5F010554}.Release|iPhoneSimulator.Build.0 = Release|iPhoneSimulator
	EndGlobalSection
	GlobalSection(MonoDevelopProperties) = preSolution
		StartupItem = HockeyAppSampleiOS\HockeyAppSampleiOS.csproj
	EndGlobalSection
EndGlobal
