
Microsoft Visual Studio Solution File, Format Version 11.00
# Visual Studio 2010
Project("{FAE04EC0-301F-11D3-BF4B-00C04F79EFBC}") = "TextToSpeech", "TextToSpeech\TextToSpeech.csproj", "{9905A615-4B40-4B16-8EC7-A158B85780DA}"
EndProject
Global
	GlobalSection(SolutionConfigurationPlatforms) = preSolution
		Debug|iPhoneSimulator = Debug|iPhoneSimulator
		Release|iPhoneSimulator = Release|iPhoneSimulator
		Debug|iPhone = Debug|iPhone
		Release|iPhone = Release|iPhone
	EndGlobalSection
	GlobalSection(ProjectConfigurationPlatforms) = postSolution
		{9905A615-4B40-4B16-8EC7-A158B85780DA}.Debug|iPhone.ActiveCfg = Debug|iPhone
		{9905A615-4B40-4B16-8EC7-A158B85780DA}.Debug|iPhone.Build.0 = Debug|iPhone
		{9905A615-4B40-4B16-8EC7-A158B85780DA}.Debug|iPhoneSimulator.ActiveCfg = Debug|iPhoneSimulator
		{9905A615-4B40-4B16-8EC7-A158B85780DA}.Debug|iPhoneSimulator.Build.0 = Debug|iPhoneSimulator
		{9905A615-4B40-4B16-8EC7-A158B85780DA}.Release|iPhone.ActiveCfg = Release|iPhone
		{9905A615-4B40-4B16-8EC7-A158B85780DA}.Release|iPhone.Build.0 = Release|iPhone
		{9905A615-4B40-4B16-8EC7-A158B85780DA}.Release|iPhoneSimulator.ActiveCfg = Release|iPhoneSimulator
		{9905A615-4B40-4B16-8EC7-A158B85780DA}.Release|iPhoneSimulator.Build.0 = Release|iPhoneSimulator
	EndGlobalSection
	GlobalSection(MonoDevelopProperties) = preSolution
		StartupItem = TextToSpeech\TextToSpeech.csproj
	EndGlobalSection
EndGlobal
