
Microsoft Visual Studio Solution File, Format Version 11.00
# Visual Studio 2010
Project("{FAE04EC0-301F-11D3-BF4B-00C04F79EFBC}") = "Scrumptious", "Scrumptious\Scrumptious.csproj", "{CB6AB2DD-FF14-4A2F-BF71-EBD8A145A651}"
EndProject
Global
	GlobalSection(SolutionConfigurationPlatforms) = preSolution
		Debug|iPhoneSimulator = Debug|iPhoneSimulator
		Release|iPhoneSimulator = Release|iPhoneSimulator
		Debug|iPhone = Debug|iPhone
		Release|iPhone = Release|iPhone
		Ad-Hoc|iPhone = Ad-Hoc|iPhone
		AppStore|iPhone = AppStore|iPhone
	EndGlobalSection
	GlobalSection(ProjectConfigurationPlatforms) = postSolution
		{CB6AB2DD-FF14-4A2F-BF71-EBD8A145A651}.Ad-Hoc|iPhone.ActiveCfg = Ad-Hoc|iPhone
		{CB6AB2DD-FF14-4A2F-BF71-EBD8A145A651}.Ad-Hoc|iPhone.Build.0 = Ad-Hoc|iPhone
		{CB6AB2DD-FF14-4A2F-BF71-EBD8A145A651}.AppStore|iPhone.ActiveCfg = AppStore|iPhone
		{CB6AB2DD-FF14-4A2F-BF71-EBD8A145A651}.AppStore|iPhone.Build.0 = AppStore|iPhone
		{CB6AB2DD-FF14-4A2F-BF71-EBD8A145A651}.Debug|iPhone.ActiveCfg = Debug|iPhone
		{CB6AB2DD-FF14-4A2F-BF71-EBD8A145A651}.Debug|iPhone.Build.0 = Debug|iPhone
		{CB6AB2DD-FF14-4A2F-BF71-EBD8A145A651}.Debug|iPhoneSimulator.ActiveCfg = Debug|iPhoneSimulator
		{CB6AB2DD-FF14-4A2F-BF71-EBD8A145A651}.Debug|iPhoneSimulator.Build.0 = Debug|iPhoneSimulator
		{CB6AB2DD-FF14-4A2F-BF71-EBD8A145A651}.Release|iPhone.ActiveCfg = Release|iPhone
		{CB6AB2DD-FF14-4A2F-BF71-EBD8A145A651}.Release|iPhone.Build.0 = Release|iPhone
		{CB6AB2DD-FF14-4A2F-BF71-EBD8A145A651}.Release|iPhoneSimulator.ActiveCfg = Release|iPhoneSimulator
		{CB6AB2DD-FF14-4A2F-BF71-EBD8A145A651}.Release|iPhoneSimulator.Build.0 = Release|iPhoneSimulator
	EndGlobalSection
	GlobalSection(MonoDevelopProperties) = preSolution
		StartupItem = Scrumptious\Scrumptious.csproj
	EndGlobalSection
EndGlobal
