
Microsoft Visual Studio Solution File, Format Version 11.00
# Visual Studio 2010
Project("{FAE04EC0-301F-11D3-BF4B-00C04F79EFBC}") = "sample", "sample.csproj", "{098CB825-CE43-4EEA-BF8D-CB7CCBCAAD19}"
EndProject
Global
	GlobalSection(SolutionConfigurationPlatforms) = preSolution
		Debug|iPhoneSimulator = Debug|iPhoneSimulator
		Release|iPhoneSimulator = Release|iPhoneSimulator
		Debug|iPhone = Debug|iPhone
		Release|iPhone = Release|iPhone
	EndGlobalSection
	GlobalSection(ProjectConfigurationPlatforms) = postSolution
		{098CB825-CE43-4EEA-BF8D-CB7CCBCAAD19}.Debug|iPhone.ActiveCfg = Debug|iPhone
		{098CB825-CE43-4EEA-BF8D-CB7CCBCAAD19}.Debug|iPhone.Build.0 = Debug|iPhone
		{098CB825-CE43-4EEA-BF8D-CB7CCBCAAD19}.Debug|iPhoneSimulator.ActiveCfg = Debug|iPhoneSimulator
		{098CB825-CE43-4EEA-BF8D-CB7CCBCAAD19}.Debug|iPhoneSimulator.Build.0 = Debug|iPhoneSimulator
		{098CB825-CE43-4EEA-BF8D-CB7CCBCAAD19}.Release|iPhone.ActiveCfg = Release|iPhone
		{098CB825-CE43-4EEA-BF8D-CB7CCBCAAD19}.Release|iPhone.Build.0 = Release|iPhone
		{098CB825-CE43-4EEA-BF8D-CB7CCBCAAD19}.Release|iPhoneSimulator.ActiveCfg = Release|iPhoneSimulator
		{098CB825-CE43-4EEA-BF8D-CB7CCBCAAD19}.Release|iPhoneSimulator.Build.0 = Release|iPhoneSimulator
	EndGlobalSection
	GlobalSection(MonoDevelopProperties) = preSolution
		StartupItem = sample.csproj
	EndGlobalSection
EndGlobal
