
Microsoft Visual Studio Solution File, Format Version 11.00
# Visual Studio 2010
Project("{FAE04EC0-301F-11D3-BF4B-00C04F79EFBC}") = "KGStatusBarSample", "KGStatusBarSample\KGStatusBarSample.csproj", "{C8E0D4B9-9BAE-40CE-9158-B456BE06B413}"
EndProject
Global
	GlobalSection(SolutionConfigurationPlatforms) = preSolution
		Debug|iPhoneSimulator = Debug|iPhoneSimulator
		Release|iPhoneSimulator = Release|iPhoneSimulator
		Debug|iPhone = Debug|iPhone
		Release|iPhone = Release|iPhone
		Ad-Hoc|iPhone = Ad-Hoc|iPhone
		AppStore|iPhone = AppStore|iPhone
	EndGlobalSection
	GlobalSection(ProjectConfigurationPlatforms) = postSolution
		{C8E0D4B9-9BAE-40CE-9158-B456BE06B413}.Ad-Hoc|iPhone.ActiveCfg = Ad-Hoc|iPhone
		{C8E0D4B9-9BAE-40CE-9158-B456BE06B413}.Ad-Hoc|iPhone.Build.0 = Ad-Hoc|iPhone
		{C8E0D4B9-9BAE-40CE-9158-B456BE06B413}.AppStore|iPhone.ActiveCfg = AppStore|iPhone
		{C8E0D4B9-9BAE-40CE-9158-B456BE06B413}.AppStore|iPhone.Build.0 = AppStore|iPhone
		{C8E0D4B9-9BAE-40CE-9158-B456BE06B413}.Debug|iPhone.ActiveCfg = Debug|iPhone
		{C8E0D4B9-9BAE-40CE-9158-B456BE06B413}.Debug|iPhone.Build.0 = Debug|iPhone
		{C8E0D4B9-9BAE-40CE-9158-B456BE06B413}.Debug|iPhoneSimulator.ActiveCfg = Debug|iPhoneSimulator
		{C8E0D4B9-9BAE-40CE-9158-B456BE06B413}.Debug|iPhoneSimulator.Build.0 = Debug|iPhoneSimulator
		{C8E0D4B9-9BAE-40CE-9158-B456BE06B413}.Release|iPhone.ActiveCfg = Release|iPhone
		{C8E0D4B9-9BAE-40CE-9158-B456BE06B413}.Release|iPhone.Build.0 = Release|iPhone
		{C8E0D4B9-9BAE-40CE-9158-B456BE06B413}.Release|iPhoneSimulator.ActiveCfg = Release|iPhoneSimulator
		{C8E0D4B9-9BAE-40CE-9158-B456BE06B413}.Release|iPhoneSimulator.Build.0 = Release|iPhoneSimulator
	EndGlobalSection
	GlobalSection(MonoDevelopProperties) = preSolution
		StartupItem = KGStatusBarSample\KGStatusBarSample.csproj
	EndGlobalSection
EndGlobal
