
Microsoft Visual Studio Solution File, Format Version 12.00
# Visual Studio 2012
Project("{FAE04EC0-301F-11D3-BF4B-00C04F79EFBC}") = "FacebookiOSSample", "FacebookiOSSample\FacebookiOSSample.csproj", "{FB530EE3-BAED-46B1-9703-D33D85E58A92}"
EndProject
Global
	GlobalSection(SolutionConfigurationPlatforms) = preSolution
		Debug|iPhoneSimulator = Debug|iPhoneSimulator
		Release|iPhone = Release|iPhone
		Release|iPhoneSimulator = Release|iPhoneSimulator
		Debug|iPhone = Debug|iPhone
		Debug|Any CPU = Debug|Any CPU
		Release|Any CPU = Release|Any CPU
	EndGlobalSection
	GlobalSection(ProjectConfigurationPlatforms) = postSolution
		{FB530EE3-BAED-46B1-9703-D33D85E58A92}.Debug|Any CPU.ActiveCfg = Debug|iPhoneSimulator
		{FB530EE3-BAED-46B1-9703-D33D85E58A92}.Debug|Any CPU.Build.0 = Debug|iPhoneSimulator
		{FB530EE3-BAED-46B1-9703-D33D85E58A92}.Debug|iPhone.ActiveCfg = Debug|iPhone
		{FB530EE3-BAED-46B1-9703-D33D85E58A92}.Debug|iPhone.Build.0 = Debug|iPhone
		{FB530EE3-BAED-46B1-9703-D33D85E58A92}.Debug|iPhoneSimulator.ActiveCfg = Debug|iPhoneSimulator
		{FB530EE3-BAED-46B1-9703-D33D85E58A92}.Debug|iPhoneSimulator.Build.0 = Debug|iPhoneSimulator
		{FB530EE3-BAED-46B1-9703-D33D85E58A92}.Release|Any CPU.ActiveCfg = Release|iPhone
		{FB530EE3-BAED-46B1-9703-D33D85E58A92}.Release|Any CPU.Build.0 = Release|iPhone
		{FB530EE3-BAED-46B1-9703-D33D85E58A92}.Release|iPhone.ActiveCfg = Release|iPhone
		{FB530EE3-BAED-46B1-9703-D33D85E58A92}.Release|iPhone.Build.0 = Release|iPhone
		{FB530EE3-BAED-46B1-9703-D33D85E58A92}.Release|iPhoneSimulator.ActiveCfg = Release|iPhoneSimulator
		{FB530EE3-BAED-46B1-9703-D33D85E58A92}.Release|iPhoneSimulator.Build.0 = Release|iPhoneSimulator
	EndGlobalSection
EndGlobal
