
Microsoft Visual Studio Solution File, Format Version 11.00
# Visual Studio 2010
Project("{FAE04EC0-301F-11D3-BF4B-00C04F79EFBC}") = "GPUImage", "GPUImage\GPUImage.csproj", "{596992F0-E0FC-4E3C-8A2D-F0A5C0AE3A4F}"
EndProject
Project("{FAE04EC0-301F-11D3-BF4B-00C04F79EFBC}") = "GPUImage.Sample", "GPUImage.Sample\GPUImage.Sample.csproj", "{23DB2108-E3BE-40F8-911E-247AC4922A61}"
EndProject
Global
	GlobalSection(SolutionConfigurationPlatforms) = preSolution
		Debug|Any CPU = Debug|Any CPU
		Release|Any CPU = Release|Any CPU
		Debug|iPhoneSimulator = Debug|iPhoneSimulator
		Release|iPhoneSimulator = Release|iPhoneSimulator
		Debug|iPhone = Debug|iPhone
		Release|iPhone = Release|iPhone
		Ad-Hoc|iPhone = Ad-Hoc|iPhone
		AppStore|iPhone = AppStore|iPhone
	EndGlobalSection
	GlobalSection(ProjectConfigurationPlatforms) = postSolution
		{23DB2108-E3BE-40F8-911E-247AC4922A61}.Ad-Hoc|iPhone.ActiveCfg = Ad-Hoc|iPhone
		{23DB2108-E3BE-40F8-911E-247AC4922A61}.Ad-Hoc|iPhone.Build.0 = Ad-Hoc|iPhone
		{23DB2108-E3BE-40F8-911E-247AC4922A61}.AppStore|iPhone.ActiveCfg = AppStore|iPhone
		{23DB2108-E3BE-40F8-911E-247AC4922A61}.AppStore|iPhone.Build.0 = AppStore|iPhone
		{23DB2108-E3BE-40F8-911E-247AC4922A61}.Debug|Any CPU.ActiveCfg = Debug|iPhoneSimulator
		{23DB2108-E3BE-40F8-911E-247AC4922A61}.Debug|Any CPU.Build.0 = Debug|iPhoneSimulator
		{23DB2108-E3BE-40F8-911E-247AC4922A61}.Debug|iPhone.ActiveCfg = Debug|iPhone
		{23DB2108-E3BE-40F8-911E-247AC4922A61}.Debug|iPhone.Build.0 = Debug|iPhone
		{23DB2108-E3BE-40F8-911E-247AC4922A61}.Debug|iPhoneSimulator.ActiveCfg = Debug|iPhoneSimulator
		{23DB2108-E3BE-40F8-911E-247AC4922A61}.Debug|iPhoneSimulator.Build.0 = Debug|iPhoneSimulator
		{23DB2108-E3BE-40F8-911E-247AC4922A61}.Release|Any CPU.ActiveCfg = Release|iPhoneSimulator
		{23DB2108-E3BE-40F8-911E-247AC4922A61}.Release|Any CPU.Build.0 = Release|iPhoneSimulator
		{23DB2108-E3BE-40F8-911E-247AC4922A61}.Release|iPhone.ActiveCfg = Release|iPhone
		{23DB2108-E3BE-40F8-911E-247AC4922A61}.Release|iPhone.Build.0 = Release|iPhone
		{23DB2108-E3BE-40F8-911E-247AC4922A61}.Release|iPhoneSimulator.ActiveCfg = Release|iPhoneSimulator
		{23DB2108-E3BE-40F8-911E-247AC4922A61}.Release|iPhoneSimulator.Build.0 = Release|iPhoneSimulator
		{596992F0-E0FC-4E3C-8A2D-F0A5C0AE3A4F}.Ad-Hoc|iPhone.ActiveCfg = Debug|Any CPU
		{596992F0-E0FC-4E3C-8A2D-F0A5C0AE3A4F}.Ad-Hoc|iPhone.Build.0 = Debug|Any CPU
		{596992F0-E0FC-4E3C-8A2D-F0A5C0AE3A4F}.AppStore|iPhone.ActiveCfg = Debug|Any CPU
		{596992F0-E0FC-4E3C-8A2D-F0A5C0AE3A4F}.AppStore|iPhone.Build.0 = Debug|Any CPU
		{596992F0-E0FC-4E3C-8A2D-F0A5C0AE3A4F}.Debug|Any CPU.ActiveCfg = Debug|Any CPU
		{596992F0-E0FC-4E3C-8A2D-F0A5C0AE3A4F}.Debug|Any CPU.Build.0 = Debug|Any CPU
		{596992F0-E0FC-4E3C-8A2D-F0A5C0AE3A4F}.Debug|iPhone.ActiveCfg = Debug|Any CPU
		{596992F0-E0FC-4E3C-8A2D-F0A5C0AE3A4F}.Debug|iPhone.Build.0 = Debug|Any CPU
		{596992F0-E0FC-4E3C-8A2D-F0A5C0AE3A4F}.Debug|iPhoneSimulator.ActiveCfg = Debug|Any CPU
		{596992F0-E0FC-4E3C-8A2D-F0A5C0AE3A4F}.Debug|iPhoneSimulator.Build.0 = Debug|Any CPU
		{596992F0-E0FC-4E3C-8A2D-F0A5C0AE3A4F}.Release|Any CPU.ActiveCfg = Release|Any CPU
		{596992F0-E0FC-4E3C-8A2D-F0A5C0AE3A4F}.Release|Any CPU.Build.0 = Release|Any CPU
		{596992F0-E0FC-4E3C-8A2D-F0A5C0AE3A4F}.Release|iPhone.ActiveCfg = Release|Any CPU
		{596992F0-E0FC-4E3C-8A2D-F0A5C0AE3A4F}.Release|iPhone.Build.0 = Release|Any CPU
		{596992F0-E0FC-4E3C-8A2D-F0A5C0AE3A4F}.Release|iPhoneSimulator.ActiveCfg = Release|Any CPU
		{596992F0-E0FC-4E3C-8A2D-F0A5C0AE3A4F}.Release|iPhoneSimulator.Build.0 = Release|Any CPU
	EndGlobalSection
	GlobalSection(MonoDevelopProperties) = preSolution
		StartupItem = GPUImage.Sample\GPUImage.Sample.csproj
	EndGlobalSection
EndGlobal
