
Microsoft Visual Studio Solution File, Format Version 11.00
# Visual Studio 2010
Project("{FAE04EC0-301F-11D3-BF4B-00C04F79EFBC}") = "BeeblexDemo", "BeeblexDemo\BeeblexDemo.csproj", "{5EE287D8-59D0-4AF7-BEAF-AB7F4099A8A2}"
EndProject
Global
	GlobalSection(SolutionConfigurationPlatforms) = preSolution
		Debug|iPhoneSimulator = Debug|iPhoneSimulator
		Release|iPhoneSimulator = Release|iPhoneSimulator
		Debug|iPhone = Debug|iPhone
		Release|iPhone = Release|iPhone
		Ad-Hoc|iPhone = Ad-Hoc|iPhone
		AppStore|iPhone = AppStore|iPhone
	EndGlobalSection
	GlobalSection(ProjectConfigurationPlatforms) = postSolution
		{5EE287D8-59D0-4AF7-BEAF-AB7F4099A8A2}.Ad-Hoc|iPhone.ActiveCfg = Ad-Hoc|iPhone
		{5EE287D8-59D0-4AF7-BEAF-AB7F4099A8A2}.Ad-Hoc|iPhone.Build.0 = Ad-Hoc|iPhone
		{5EE287D8-59D0-4AF7-BEAF-AB7F4099A8A2}.AppStore|iPhone.ActiveCfg = AppStore|iPhone
		{5EE287D8-59D0-4AF7-BEAF-AB7F4099A8A2}.AppStore|iPhone.Build.0 = AppStore|iPhone
		{5EE287D8-59D0-4AF7-BEAF-AB7F4099A8A2}.Debug|iPhone.ActiveCfg = Debug|iPhone
		{5EE287D8-59D0-4AF7-BEAF-AB7F4099A8A2}.Debug|iPhone.Build.0 = Debug|iPhone
		{5EE287D8-59D0-4AF7-BEAF-AB7F4099A8A2}.Debug|iPhoneSimulator.ActiveCfg = Debug|iPhoneSimulator
		{5EE287D8-59D0-4AF7-BEAF-AB7F4099A8A2}.Debug|iPhoneSimulator.Build.0 = Debug|iPhoneSimulator
		{5EE287D8-59D0-4AF7-BEAF-AB7F4099A8A2}.Release|iPhone.ActiveCfg = Release|iPhone
		{5EE287D8-59D0-4AF7-BEAF-AB7F4099A8A2}.Release|iPhone.Build.0 = Release|iPhone
		{5EE287D8-59D0-4AF7-BEAF-AB7F4099A8A2}.Release|iPhoneSimulator.ActiveCfg = Release|iPhoneSimulator
		{5EE287D8-59D0-4AF7-BEAF-AB7F4099A8A2}.Release|iPhoneSimulator.Build.0 = Release|iPhoneSimulator
	EndGlobalSection
	GlobalSection(MonoDevelopProperties) = preSolution
		StartupItem = BeeblexDemo\BeeblexDemo.csproj
	EndGlobalSection
EndGlobal
