
Microsoft Visual Studio Solution File, Format Version 11.00
# Visual Studio 2010
Project("{FAE04EC0-301F-11D3-BF4B-00C04F79EFBC}") = "binding-test", "binding-test\binding-test.csproj", "{91400136-42A8-4C7E-886C-217AB352AF48}"
EndProject
Project("{FAE04EC0-301F-11D3-BF4B-00C04F79EFBC}") = "Jumpy", "samples\Jumpy\Jumpy\Jumpy.csproj", "{F7F2973E-A67D-4719-8B9F-7A16BAE62FA4}"
EndProject
Project("{FAE04EC0-301F-11D3-BF4B-00C04F79EFBC}") = "binding-test-osx", "binding-test-osx\binding-test-osx.csproj", "{EF06FAFC-59D5-4027-AC58-1618122BBD5A}"
EndProject
Global
	GlobalSection(SolutionConfigurationPlatforms) = preSolution
		Debug|iPhoneSimulator = Debug|iPhoneSimulator
		Release|iPhoneSimulator = Release|iPhoneSimulator
		Debug|iPhone = Debug|iPhone
		Release|iPhone = Release|iPhone
		Ad-Hoc|iPhone = Ad-Hoc|iPhone
		AppStore|iPhone = AppStore|iPhone
		AppStore|iPhoneSimulator = AppStore|iPhoneSimulator
	EndGlobalSection
	GlobalSection(ProjectConfigurationPlatforms) = postSolution
		{91400136-42A8-4C7E-886C-217AB352AF48}.Ad-Hoc|iPhone.ActiveCfg = Ad-Hoc|iPhone
		{91400136-42A8-4C7E-886C-217AB352AF48}.Ad-Hoc|iPhone.Build.0 = Ad-Hoc|iPhone
		{91400136-42A8-4C7E-886C-217AB352AF48}.AppStore|iPhone.ActiveCfg = AppStore|iPhone
		{91400136-42A8-4C7E-886C-217AB352AF48}.AppStore|iPhone.Build.0 = AppStore|iPhone
		{91400136-42A8-4C7E-886C-217AB352AF48}.AppStore|iPhoneSimulator.ActiveCfg = Debug|iPhoneSimulator
		{91400136-42A8-4C7E-886C-217AB352AF48}.AppStore|iPhoneSimulator.Build.0 = Debug|iPhoneSimulator
		{91400136-42A8-4C7E-886C-217AB352AF48}.Debug|iPhone.ActiveCfg = Debug|iPhone
		{91400136-42A8-4C7E-886C-217AB352AF48}.Debug|iPhone.Build.0 = Debug|iPhone
		{91400136-42A8-4C7E-886C-217AB352AF48}.Debug|iPhoneSimulator.ActiveCfg = Debug|iPhoneSimulator
		{91400136-42A8-4C7E-886C-217AB352AF48}.Debug|iPhoneSimulator.Build.0 = Debug|iPhoneSimulator
		{91400136-42A8-4C7E-886C-217AB352AF48}.Release|iPhone.ActiveCfg = Release|iPhone
		{91400136-42A8-4C7E-886C-217AB352AF48}.Release|iPhone.Build.0 = Release|iPhone
		{91400136-42A8-4C7E-886C-217AB352AF48}.Release|iPhoneSimulator.ActiveCfg = Release|iPhoneSimulator
		{91400136-42A8-4C7E-886C-217AB352AF48}.Release|iPhoneSimulator.Build.0 = Release|iPhoneSimulator
		{EF06FAFC-59D5-4027-AC58-1618122BBD5A}.Ad-Hoc|iPhone.ActiveCfg = Debug|iPhoneSimulator
		{EF06FAFC-59D5-4027-AC58-1618122BBD5A}.Ad-Hoc|iPhone.Build.0 = Debug|iPhoneSimulator
		{EF06FAFC-59D5-4027-AC58-1618122BBD5A}.AppStore|iPhone.ActiveCfg = AppStore|iPhoneSimulator
		{EF06FAFC-59D5-4027-AC58-1618122BBD5A}.AppStore|iPhone.Build.0 = AppStore|iPhoneSimulator
		{EF06FAFC-59D5-4027-AC58-1618122BBD5A}.AppStore|iPhoneSimulator.ActiveCfg = AppStore|iPhoneSimulator
		{EF06FAFC-59D5-4027-AC58-1618122BBD5A}.AppStore|iPhoneSimulator.Build.0 = AppStore|iPhoneSimulator
		{EF06FAFC-59D5-4027-AC58-1618122BBD5A}.Debug|iPhone.ActiveCfg = Debug|iPhoneSimulator
		{EF06FAFC-59D5-4027-AC58-1618122BBD5A}.Debug|iPhone.Build.0 = Debug|iPhoneSimulator
		{EF06FAFC-59D5-4027-AC58-1618122BBD5A}.Debug|iPhoneSimulator.ActiveCfg = Debug|iPhoneSimulator
		{EF06FAFC-59D5-4027-AC58-1618122BBD5A}.Debug|iPhoneSimulator.Build.0 = Debug|iPhoneSimulator
		{EF06FAFC-59D5-4027-AC58-1618122BBD5A}.Release|iPhone.ActiveCfg = Release|iPhoneSimulator
		{EF06FAFC-59D5-4027-AC58-1618122BBD5A}.Release|iPhone.Build.0 = Release|iPhoneSimulator
		{EF06FAFC-59D5-4027-AC58-1618122BBD5A}.Release|iPhoneSimulator.ActiveCfg = Release|iPhoneSimulator
		{EF06FAFC-59D5-4027-AC58-1618122BBD5A}.Release|iPhoneSimulator.Build.0 = Release|iPhoneSimulator
		{F7F2973E-A67D-4719-8B9F-7A16BAE62FA4}.Ad-Hoc|iPhone.ActiveCfg = Ad-Hoc|iPhone
		{F7F2973E-A67D-4719-8B9F-7A16BAE62FA4}.Ad-Hoc|iPhone.Build.0 = Ad-Hoc|iPhone
		{F7F2973E-A67D-4719-8B9F-7A16BAE62FA4}.AppStore|iPhone.ActiveCfg = AppStore|iPhone
		{F7F2973E-A67D-4719-8B9F-7A16BAE62FA4}.AppStore|iPhone.Build.0 = AppStore|iPhone
		{F7F2973E-A67D-4719-8B9F-7A16BAE62FA4}.AppStore|iPhoneSimulator.ActiveCfg = Debug|iPhoneSimulator
		{F7F2973E-A67D-4719-8B9F-7A16BAE62FA4}.AppStore|iPhoneSimulator.Build.0 = Debug|iPhoneSimulator
		{F7F2973E-A67D-4719-8B9F-7A16BAE62FA4}.Debug|iPhone.ActiveCfg = Debug|iPhone
		{F7F2973E-A67D-4719-8B9F-7A16BAE62FA4}.Debug|iPhone.Build.0 = Debug|iPhone
		{F7F2973E-A67D-4719-8B9F-7A16BAE62FA4}.Debug|iPhoneSimulator.ActiveCfg = Debug|iPhoneSimulator
		{F7F2973E-A67D-4719-8B9F-7A16BAE62FA4}.Debug|iPhoneSimulator.Build.0 = Debug|iPhoneSimulator
		{F7F2973E-A67D-4719-8B9F-7A16BAE62FA4}.Release|iPhone.ActiveCfg = Release|iPhone
		{F7F2973E-A67D-4719-8B9F-7A16BAE62FA4}.Release|iPhone.Build.0 = Release|iPhone
		{F7F2973E-A67D-4719-8B9F-7A16BAE62FA4}.Release|iPhoneSimulator.ActiveCfg = Release|iPhoneSimulator
		{F7F2973E-A67D-4719-8B9F-7A16BAE62FA4}.Release|iPhoneSimulator.Build.0 = Release|iPhoneSimulator
	EndGlobalSection
	GlobalSection(MonoDevelopProperties) = preSolution
		StartupItem = binding-test\binding-test.csproj
	EndGlobalSection
EndGlobal
