
Microsoft Visual Studio Solution File, Format Version 11.00
# Visual Studio 2010
Project("{FAE04EC0-301F-11D3-BF4B-00C04F79EFBC}") = "LineaTest", "LineaTest\LineaTest.csproj", "{9F110630-4959-4CD3-827A-ED02BD71943E}"
EndProject
Global
	GlobalSection(SolutionConfigurationPlatforms) = preSolution
		Debug|Any CPU = Debug|Any CPU
		Release|Any CPU = Release|Any CPU
		Debug|iPhoneSimulator = Debug|iPhoneSimulator
		Release|iPhoneSimulator = Release|iPhoneSimulator
		Debug|iPhone = Debug|iPhone
		Release|iPhone = Release|iPhone
		Ad-Hoc|iPhone = Ad-Hoc|iPhone
		AppStore|iPhone = AppStore|iPhone
	EndGlobalSection
	GlobalSection(ProjectConfigurationPlatforms) = postSolution
		{9F110630-4959-4CD3-827A-ED02BD71943E}.Ad-Hoc|iPhone.ActiveCfg = Ad-Hoc|iPhone
		{9F110630-4959-4CD3-827A-ED02BD71943E}.Ad-Hoc|iPhone.Build.0 = Ad-Hoc|iPhone
		{9F110630-4959-4CD3-827A-ED02BD71943E}.AppStore|iPhone.ActiveCfg = AppStore|iPhone
		{9F110630-4959-4CD3-827A-ED02BD71943E}.AppStore|iPhone.Build.0 = AppStore|iPhone
		{9F110630-4959-4CD3-827A-ED02BD71943E}.Debug|Any CPU.ActiveCfg = Debug|iPhoneSimulator
		{9F110630-4959-4CD3-827A-ED02BD71943E}.Debug|Any CPU.Build.0 = Debug|iPhoneSimulator
		{9F110630-4959-4CD3-827A-ED02BD71943E}.Debug|iPhone.ActiveCfg = Debug|iPhone
		{9F110630-4959-4CD3-827A-ED02BD71943E}.Debug|iPhone.Build.0 = Debug|iPhone
		{9F110630-4959-4CD3-827A-ED02BD71943E}.Debug|iPhoneSimulator.ActiveCfg = Debug|iPhoneSimulator
		{9F110630-4959-4CD3-827A-ED02BD71943E}.Debug|iPhoneSimulator.Build.0 = Debug|iPhoneSimulator
		{9F110630-4959-4CD3-827A-ED02BD71943E}.Release|Any CPU.ActiveCfg = Release|iPhoneSimulator
		{9F110630-4959-4CD3-827A-ED02BD71943E}.Release|Any CPU.Build.0 = Release|iPhoneSimulator
		{9F110630-4959-4CD3-827A-ED02BD71943E}.Release|iPhone.ActiveCfg = Release|iPhone
		{9F110630-4959-4CD3-827A-ED02BD71943E}.Release|iPhone.Build.0 = Release|iPhone
		{9F110630-4959-4CD3-827A-ED02BD71943E}.Release|iPhoneSimulator.ActiveCfg = Release|iPhoneSimulator
		{9F110630-4959-4CD3-827A-ED02BD71943E}.Release|iPhoneSimulator.Build.0 = Release|iPhoneSimulator
	EndGlobalSection
	GlobalSection(MonoDevelopProperties) = preSolution
		StartupItem = LineaTest\LineaTest.csproj
	EndGlobalSection
EndGlobal
