
Microsoft Visual Studio Solution File, Format Version 11.00
# Visual Studio 2010
Project("{FAE04EC0-301F-11D3-BF4B-00C04F79EFBC}") = "PHFComposeBarViewSample-Classic-Component", "PHFComposeBarViewSample\PHFComposeBarViewSample-Classic-Component.csproj", "{2907E86F-C429-4CD2-907D-2B5AB0A6F9DE}"
EndProject
Global
	GlobalSection(SolutionConfigurationPlatforms) = preSolution
		Debug|iPhoneSimulator = Debug|iPhoneSimulator
		Release|iPhoneSimulator = Release|iPhoneSimulator
		Debug|iPhone = Debug|iPhone
		Release|iPhone = Release|iPhone
		Ad-Hoc|iPhone = Ad-Hoc|iPhone
		AppStore|iPhone = AppStore|iPhone
	EndGlobalSection
	GlobalSection(ProjectConfigurationPlatforms) = postSolution
		{2907E86F-C429-4CD2-907D-2B5AB0A6F9DE}.Ad-Hoc|iPhone.ActiveCfg = Ad-Hoc|iPhone
		{2907E86F-C429-4CD2-907D-2B5AB0A6F9DE}.Ad-Hoc|iPhone.Build.0 = Ad-Hoc|iPhone
		{2907E86F-C429-4CD2-907D-2B5AB0A6F9DE}.AppStore|iPhone.ActiveCfg = AppStore|iPhone
		{2907E86F-C429-4CD2-907D-2B5AB0A6F9DE}.AppStore|iPhone.Build.0 = AppStore|iPhone
		{2907E86F-C429-4CD2-907D-2B5AB0A6F9DE}.Debug|iPhone.ActiveCfg = Debug|iPhone
		{2907E86F-C429-4CD2-907D-2B5AB0A6F9DE}.Debug|iPhone.Build.0 = Debug|iPhone
		{2907E86F-C429-4CD2-907D-2B5AB0A6F9DE}.Debug|iPhoneSimulator.ActiveCfg = Debug|iPhoneSimulator
		{2907E86F-C429-4CD2-907D-2B5AB0A6F9DE}.Debug|iPhoneSimulator.Build.0 = Debug|iPhoneSimulator
		{2907E86F-C429-4CD2-907D-2B5AB0A6F9DE}.Release|iPhone.ActiveCfg = Release|iPhone
		{2907E86F-C429-4CD2-907D-2B5AB0A6F9DE}.Release|iPhone.Build.0 = Release|iPhone
		{2907E86F-C429-4CD2-907D-2B5AB0A6F9DE}.Release|iPhoneSimulator.ActiveCfg = Release|iPhoneSimulator
		{2907E86F-C429-4CD2-907D-2B5AB0A6F9DE}.Release|iPhoneSimulator.Build.0 = Release|iPhoneSimulator
	EndGlobalSection
	GlobalSection(MonoDevelopProperties) = preSolution
		StartupItem = PHFComposeBarViewSample\PHFComposeBarViewSample-Classic-Component.csproj
	EndGlobalSection
EndGlobal
