
Microsoft Visual Studio Solution File, Format Version 11.00
# Visual Studio 2010
Project("{FAE04EC0-301F-11D3-BF4B-00C04F79EFBC}") = "PHFComposeBarViewSample", "PHFComposeBarViewSample\PHFComposeBarViewSample.csproj", "{0BE84A82-3507-467A-ADA7-DE564AA01682}"
EndProject
Project("{FAE04EC0-301F-11D3-BF4B-00C04F79EFBC}") = "PHFComposeBarViewSample-Classic", "PHFComposeBarViewSample\PHFComposeBarViewSample-Classic.csproj", "{2907E86F-C429-4CD2-907D-2B5AB0A6F9DE}"
EndProject
Project("{FAE04EC0-301F-11D3-BF4B-00C04F79EFBC}") = "PHFComposeBarView-Classic", "..\binding\PHFComposeBarView-Classic.csproj", "{5E2306AE-4447-46E0-A928-F63D38E00B53}"
EndProject
Project("{FAE04EC0-301F-11D3-BF4B-00C04F79EFBC}") = "PHFComposeBarView", "..\binding\PHFComposeBarView.csproj", "{F798D57B-891C-49B5-BA8A-B98C45BF608E}"
EndProject
Global
	GlobalSection(SolutionConfigurationPlatforms) = preSolution
		Debug|iPhoneSimulator = Debug|iPhoneSimulator
		Release|iPhoneSimulator = Release|iPhoneSimulator
		Debug|iPhone = Debug|iPhone
		Release|iPhone = Release|iPhone
		Ad-Hoc|iPhone = Ad-Hoc|iPhone
		AppStore|iPhone = AppStore|iPhone
	EndGlobalSection
	GlobalSection(ProjectConfigurationPlatforms) = postSolution
		{0BE84A82-3507-467A-ADA7-DE564AA01682}.Ad-Hoc|iPhone.ActiveCfg = Ad-Hoc|iPhone
		{0BE84A82-3507-467A-ADA7-DE564AA01682}.Ad-Hoc|iPhone.Build.0 = Ad-Hoc|iPhone
		{0BE84A82-3507-467A-ADA7-DE564AA01682}.AppStore|iPhone.ActiveCfg = AppStore|iPhone
		{0BE84A82-3507-467A-ADA7-DE564AA01682}.AppStore|iPhone.Build.0 = AppStore|iPhone
		{0BE84A82-3507-467A-ADA7-DE564AA01682}.Debug|iPhone.ActiveCfg = Debug|iPhone
		{0BE84A82-3507-467A-ADA7-DE564AA01682}.Debug|iPhone.Build.0 = Debug|iPhone
		{0BE84A82-3507-467A-ADA7-DE564AA01682}.Debug|iPhoneSimulator.ActiveCfg = Debug|iPhoneSimulator
		{0BE84A82-3507-467A-ADA7-DE564AA01682}.Debug|iPhoneSimulator.Build.0 = Debug|iPhoneSimulator
		{0BE84A82-3507-467A-ADA7-DE564AA01682}.Release|iPhone.ActiveCfg = Release|iPhone
		{0BE84A82-3507-467A-ADA7-DE564AA01682}.Release|iPhone.Build.0 = Release|iPhone
		{0BE84A82-3507-467A-ADA7-DE564AA01682}.Release|iPhoneSimulator.ActiveCfg = Release|iPhoneSimulator
		{0BE84A82-3507-467A-ADA7-DE564AA01682}.Release|iPhoneSimulator.Build.0 = Release|iPhoneSimulator
		{2907E86F-C429-4CD2-907D-2B5AB0A6F9DE}.Ad-Hoc|iPhone.ActiveCfg = Ad-Hoc|iPhone
		{2907E86F-C429-4CD2-907D-2B5AB0A6F9DE}.Ad-Hoc|iPhone.Build.0 = Ad-Hoc|iPhone
		{2907E86F-C429-4CD2-907D-2B5AB0A6F9DE}.AppStore|iPhone.ActiveCfg = AppStore|iPhone
		{2907E86F-C429-4CD2-907D-2B5AB0A6F9DE}.AppStore|iPhone.Build.0 = AppStore|iPhone
		{2907E86F-C429-4CD2-907D-2B5AB0A6F9DE}.Debug|iPhone.ActiveCfg = Debug|iPhone
		{2907E86F-C429-4CD2-907D-2B5AB0A6F9DE}.Debug|iPhone.Build.0 = Debug|iPhone
		{2907E86F-C429-4CD2-907D-2B5AB0A6F9DE}.Debug|iPhoneSimulator.ActiveCfg = Debug|iPhoneSimulator
		{2907E86F-C429-4CD2-907D-2B5AB0A6F9DE}.Debug|iPhoneSimulator.Build.0 = Debug|iPhoneSimulator
		{2907E86F-C429-4CD2-907D-2B5AB0A6F9DE}.Release|iPhone.ActiveCfg = Release|iPhone
		{2907E86F-C429-4CD2-907D-2B5AB0A6F9DE}.Release|iPhone.Build.0 = Release|iPhone
		{2907E86F-C429-4CD2-907D-2B5AB0A6F9DE}.Release|iPhoneSimulator.ActiveCfg = Release|iPhoneSimulator
		{2907E86F-C429-4CD2-907D-2B5AB0A6F9DE}.Release|iPhoneSimulator.Build.0 = Release|iPhoneSimulator
		{5E2306AE-4447-46E0-A928-F63D38E00B53}.Ad-Hoc|iPhone.ActiveCfg = Release|Any CPU
		{5E2306AE-4447-46E0-A928-F63D38E00B53}.Ad-Hoc|iPhone.Build.0 = Release|Any CPU
		{5E2306AE-4447-46E0-A928-F63D38E00B53}.AppStore|iPhone.ActiveCfg = Release|Any CPU
		{5E2306AE-4447-46E0-A928-F63D38E00B53}.AppStore|iPhone.Build.0 = Release|Any CPU
		{5E2306AE-4447-46E0-A928-F63D38E00B53}.Debug|iPhone.ActiveCfg = Debug|Any CPU
		{5E2306AE-4447-46E0-A928-F63D38E00B53}.Debug|iPhone.Build.0 = Debug|Any CPU
		{5E2306AE-4447-46E0-A928-F63D38E00B53}.Debug|iPhoneSimulator.ActiveCfg = Debug|Any CPU
		{5E2306AE-4447-46E0-A928-F63D38E00B53}.Debug|iPhoneSimulator.Build.0 = Debug|Any CPU
		{5E2306AE-4447-46E0-A928-F63D38E00B53}.Release|iPhone.ActiveCfg = Release|Any CPU
		{5E2306AE-4447-46E0-A928-F63D38E00B53}.Release|iPhone.Build.0 = Release|Any CPU
		{5E2306AE-4447-46E0-A928-F63D38E00B53}.Release|iPhoneSimulator.ActiveCfg = Release|Any CPU
		{5E2306AE-4447-46E0-A928-F63D38E00B53}.Release|iPhoneSimulator.Build.0 = Release|Any CPU
		{F798D57B-891C-49B5-BA8A-B98C45BF608E}.Ad-Hoc|iPhone.ActiveCfg = Release|Any CPU
		{F798D57B-891C-49B5-BA8A-B98C45BF608E}.Ad-Hoc|iPhone.Build.0 = Release|Any CPU
		{F798D57B-891C-49B5-BA8A-B98C45BF608E}.AppStore|iPhone.ActiveCfg = Release|Any CPU
		{F798D57B-891C-49B5-BA8A-B98C45BF608E}.AppStore|iPhone.Build.0 = Release|Any CPU
		{F798D57B-891C-49B5-BA8A-B98C45BF608E}.Debug|iPhone.ActiveCfg = Debug|Any CPU
		{F798D57B-891C-49B5-BA8A-B98C45BF608E}.Debug|iPhone.Build.0 = Debug|Any CPU
		{F798D57B-891C-49B5-BA8A-B98C45BF608E}.Debug|iPhoneSimulator.ActiveCfg = Debug|Any CPU
		{F798D57B-891C-49B5-BA8A-B98C45BF608E}.Debug|iPhoneSimulator.Build.0 = Debug|Any CPU
		{F798D57B-891C-49B5-BA8A-B98C45BF608E}.Release|iPhone.ActiveCfg = Release|Any CPU
		{F798D57B-891C-49B5-BA8A-B98C45BF608E}.Release|iPhone.Build.0 = Release|Any CPU
		{F798D57B-891C-49B5-BA8A-B98C45BF608E}.Release|iPhoneSimulator.ActiveCfg = Release|Any CPU
		{F798D57B-891C-49B5-BA8A-B98C45BF608E}.Release|iPhoneSimulator.Build.0 = Release|Any CPU
	EndGlobalSection
	GlobalSection(MonoDevelopProperties) = preSolution
		StartupItem = PHFComposeBarViewSample\PHFComposeBarViewSample.csproj
	EndGlobalSection
EndGlobal
