
Microsoft Visual Studio Solution File, Format Version 11.00
# Visual Studio 2010
Project("{FAE04EC0-301F-11D3-BF4B-00C04F79EFBC}") = "TSMiniWebBrowserSample", "TSMiniWebBrowserSample\TSMiniWebBrowserSample.csproj", "{954205CF-16D5-4BAC-8AF6-E61DC42129CE}"
EndProject
Global
	GlobalSection(SolutionConfigurationPlatforms) = preSolution
		Debug|iPhoneSimulator = Debug|iPhoneSimulator
		Release|iPhoneSimulator = Release|iPhoneSimulator
		Debug|iPhone = Debug|iPhone
		Release|iPhone = Release|iPhone
		Ad-Hoc|iPhone = Ad-Hoc|iPhone
		AppStore|iPhone = AppStore|iPhone
	EndGlobalSection
	GlobalSection(ProjectConfigurationPlatforms) = postSolution
		{954205CF-16D5-4BAC-8AF6-E61DC42129CE}.Ad-Hoc|iPhone.ActiveCfg = Ad-Hoc|iPhone
		{954205CF-16D5-4BAC-8AF6-E61DC42129CE}.Ad-Hoc|iPhone.Build.0 = Ad-Hoc|iPhone
		{954205CF-16D5-4BAC-8AF6-E61DC42129CE}.AppStore|iPhone.ActiveCfg = AppStore|iPhone
		{954205CF-16D5-4BAC-8AF6-E61DC42129CE}.AppStore|iPhone.Build.0 = AppStore|iPhone
		{954205CF-16D5-4BAC-8AF6-E61DC42129CE}.Debug|iPhone.ActiveCfg = Debug|iPhone
		{954205CF-16D5-4BAC-8AF6-E61DC42129CE}.Debug|iPhone.Build.0 = Debug|iPhone
		{954205CF-16D5-4BAC-8AF6-E61DC42129CE}.Debug|iPhoneSimulator.ActiveCfg = Debug|iPhoneSimulator
		{954205CF-16D5-4BAC-8AF6-E61DC42129CE}.Debug|iPhoneSimulator.Build.0 = Debug|iPhoneSimulator
		{954205CF-16D5-4BAC-8AF6-E61DC42129CE}.Release|iPhone.ActiveCfg = Release|iPhone
		{954205CF-16D5-4BAC-8AF6-E61DC42129CE}.Release|iPhone.Build.0 = Release|iPhone
		{954205CF-16D5-4BAC-8AF6-E61DC42129CE}.Release|iPhoneSimulator.ActiveCfg = Release|iPhoneSimulator
		{954205CF-16D5-4BAC-8AF6-E61DC42129CE}.Release|iPhoneSimulator.Build.0 = Release|iPhoneSimulator
	EndGlobalSection
	GlobalSection(MonoDevelopProperties) = preSolution
		StartupItem = TSMiniWebBrowserSample\TSMiniWebBrowserSample.csproj
	EndGlobalSection
EndGlobal
