
Microsoft Visual Studio Solution File, Format Version 11.00
# Visual Studio 2010
Project("{FAE04EC0-301F-11D3-BF4B-00C04F79EFBC}") = "iRateDemo", "iRateDemo\iRateDemo.csproj", "{EDA6E3A8-9B66-4C84-A33A-ED5664A11DFD}"
EndProject
Global
	GlobalSection(SolutionConfigurationPlatforms) = preSolution
		Debug|iPhoneSimulator = Debug|iPhoneSimulator
		Release|iPhoneSimulator = Release|iPhoneSimulator
		Debug|iPhone = Debug|iPhone
		Release|iPhone = Release|iPhone
		Ad-Hoc|iPhone = Ad-Hoc|iPhone
		AppStore|iPhone = AppStore|iPhone
	EndGlobalSection
	GlobalSection(ProjectConfigurationPlatforms) = postSolution
		{EDA6E3A8-9B66-4C84-A33A-ED5664A11DFD}.Ad-Hoc|iPhone.ActiveCfg = Ad-Hoc|iPhone
		{EDA6E3A8-9B66-4C84-A33A-ED5664A11DFD}.Ad-Hoc|iPhone.Build.0 = Ad-Hoc|iPhone
		{EDA6E3A8-9B66-4C84-A33A-ED5664A11DFD}.AppStore|iPhone.ActiveCfg = AppStore|iPhone
		{EDA6E3A8-9B66-4C84-A33A-ED5664A11DFD}.AppStore|iPhone.Build.0 = AppStore|iPhone
		{EDA6E3A8-9B66-4C84-A33A-ED5664A11DFD}.Debug|iPhone.ActiveCfg = Debug|iPhone
		{EDA6E3A8-9B66-4C84-A33A-ED5664A11DFD}.Debug|iPhone.Build.0 = Debug|iPhone
		{EDA6E3A8-9B66-4C84-A33A-ED5664A11DFD}.Debug|iPhoneSimulator.ActiveCfg = Debug|iPhoneSimulator
		{EDA6E3A8-9B66-4C84-A33A-ED5664A11DFD}.Debug|iPhoneSimulator.Build.0 = Debug|iPhoneSimulator
		{EDA6E3A8-9B66-4C84-A33A-ED5664A11DFD}.Release|iPhone.ActiveCfg = Release|iPhone
		{EDA6E3A8-9B66-4C84-A33A-ED5664A11DFD}.Release|iPhone.Build.0 = Release|iPhone
		{EDA6E3A8-9B66-4C84-A33A-ED5664A11DFD}.Release|iPhoneSimulator.ActiveCfg = Release|iPhoneSimulator
		{EDA6E3A8-9B66-4C84-A33A-ED5664A11DFD}.Release|iPhoneSimulator.Build.0 = Release|iPhoneSimulator
	EndGlobalSection
	GlobalSection(MonoDevelopProperties) = preSolution
		StartupItem = iRateDemo\iRateDemo.csproj
	EndGlobalSection
EndGlobal
