
Microsoft Visual Studio Solution File, Format Version 11.00
# Visual Studio 2010
Project("{FAE04EC0-301F-11D3-BF4B-00C04F79EFBC}") = "GoogleMapsSample", "GoogleMapsSample.csproj", "{2F8EC051-F3A4-43C0-928C-734423FBF1D0}"
EndProject
Global
	GlobalSection(SolutionConfigurationPlatforms) = preSolution
		Debug|Any CPU = Debug|Any CPU
		Release|Any CPU = Release|Any CPU
		Debug|iPhoneSimulator = Debug|iPhoneSimulator
		Release|iPhoneSimulator = Release|iPhoneSimulator
		Debug|iPhone = Debug|iPhone
		Release|iPhone = Release|iPhone
		Ad-Hoc|iPhone = Ad-Hoc|iPhone
		AppStore|iPhone = AppStore|iPhone
	EndGlobalSection
	GlobalSection(ProjectConfigurationPlatforms) = postSolution
		{2F8EC051-F3A4-43C0-928C-734423FBF1D0}.Ad-Hoc|iPhone.ActiveCfg = Ad-Hoc|iPhone
		{2F8EC051-F3A4-43C0-928C-734423FBF1D0}.Ad-Hoc|iPhone.Build.0 = Ad-Hoc|iPhone
		{2F8EC051-F3A4-43C0-928C-734423FBF1D0}.AppStore|iPhone.ActiveCfg = AppStore|iPhone
		{2F8EC051-F3A4-43C0-928C-734423FBF1D0}.AppStore|iPhone.Build.0 = AppStore|iPhone
		{2F8EC051-F3A4-43C0-928C-734423FBF1D0}.Debug|Any CPU.ActiveCfg = Debug|iPhoneSimulator
		{2F8EC051-F3A4-43C0-928C-734423FBF1D0}.Debug|Any CPU.Build.0 = Debug|iPhoneSimulator
		{2F8EC051-F3A4-43C0-928C-734423FBF1D0}.Debug|iPhone.ActiveCfg = Debug|iPhone
		{2F8EC051-F3A4-43C0-928C-734423FBF1D0}.Debug|iPhone.Build.0 = Debug|iPhone
		{2F8EC051-F3A4-43C0-928C-734423FBF1D0}.Debug|iPhoneSimulator.ActiveCfg = Debug|iPhoneSimulator
		{2F8EC051-F3A4-43C0-928C-734423FBF1D0}.Debug|iPhoneSimulator.Build.0 = Debug|iPhoneSimulator
		{2F8EC051-F3A4-43C0-928C-734423FBF1D0}.Release|Any CPU.ActiveCfg = Release|iPhoneSimulator
		{2F8EC051-F3A4-43C0-928C-734423FBF1D0}.Release|Any CPU.Build.0 = Release|iPhoneSimulator
		{2F8EC051-F3A4-43C0-928C-734423FBF1D0}.Release|iPhone.ActiveCfg = Release|iPhone
		{2F8EC051-F3A4-43C0-928C-734423FBF1D0}.Release|iPhone.Build.0 = Release|iPhone
		{2F8EC051-F3A4-43C0-928C-734423FBF1D0}.Release|iPhoneSimulator.ActiveCfg = Release|iPhoneSimulator
		{2F8EC051-F3A4-43C0-928C-734423FBF1D0}.Release|iPhoneSimulator.Build.0 = Release|iPhoneSimulator
	EndGlobalSection
	GlobalSection(MonoDevelopProperties) = preSolution
		StartupItem = GoogleMapsSample.csproj
	EndGlobalSection
EndGlobal
