
Microsoft Visual Studio Solution File, Format Version 10.00
# Visual Studio 2008
Project("{FAE04EC0-301F-11D3-BF4B-00C04F79EFBC}") = "iOS-sample", "iOS-sample.csproj", "{32B3E2CE-4F65-4CE9-A7DF-3C0C4E05CC7D}"
EndProject
Global
	GlobalSection(SolutionConfigurationPlatforms) = preSolution
		Debug|iPhoneSimulator = Debug|iPhoneSimulator
		Release|iPhoneSimulator = Release|iPhoneSimulator
		Debug|iPhone = Debug|iPhone
		Release|iPhone = Release|iPhone
	EndGlobalSection
	GlobalSection(ProjectConfigurationPlatforms) = postSolution
		{32B3E2CE-4F65-4CE9-A7DF-3C0C4E05CC7D}.Debug|iPhone.ActiveCfg = Debug|iPhone
		{32B3E2CE-4F65-4CE9-A7DF-3C0C4E05CC7D}.Debug|iPhone.Build.0 = Debug|iPhone
		{32B3E2CE-4F65-4CE9-A7DF-3C0C4E05CC7D}.Debug|iPhoneSimulator.ActiveCfg = Debug|iPhoneSimulator
		{32B3E2CE-4F65-4CE9-A7DF-3C0C4E05CC7D}.Debug|iPhoneSimulator.Build.0 = Debug|iPhoneSimulator
		{32B3E2CE-4F65-4CE9-A7DF-3C0C4E05CC7D}.Release|iPhone.ActiveCfg = Release|iPhone
		{32B3E2CE-4F65-4CE9-A7DF-3C0C4E05CC7D}.Release|iPhone.Build.0 = Release|iPhone
		{32B3E2CE-4F65-4CE9-A7DF-3C0C4E05CC7D}.Release|iPhoneSimulator.ActiveCfg = Release|iPhoneSimulator
		{32B3E2CE-4F65-4CE9-A7DF-3C0C4E05CC7D}.Release|iPhoneSimulator.Build.0 = Release|iPhoneSimulator
	EndGlobalSection
	GlobalSection(MonoDevelopProperties) = preSolution
		StartupItem = iOS-sample.csproj
	EndGlobalSection
EndGlobal
