
Microsoft Visual Studio Solution File, Format Version 11.00
# Visual Studio 2010
Project("{FAE04EC0-301F-11D3-BF4B-00C04F79EFBC}") = "TestFlightSample", "TestFlightSample.csproj", "{30744326-67E5-48CE-BB96-DD1C5DAEEC81}"
EndProject
Global
	GlobalSection(SolutionConfigurationPlatforms) = preSolution
		Debug|iPhoneSimulator = Debug|iPhoneSimulator
		Release|iPhoneSimulator = Release|iPhoneSimulator
		Debug|iPhone = Debug|iPhone
		Release|iPhone = Release|iPhone
		Distribution|iPhone = Distribution|iPhone
	EndGlobalSection
	GlobalSection(ProjectConfigurationPlatforms) = postSolution
		{30744326-67E5-48CE-BB96-DD1C5DAEEC81}.Debug|iPhone.ActiveCfg = Debug|iPhone
		{30744326-67E5-48CE-BB96-DD1C5DAEEC81}.Debug|iPhone.Build.0 = Debug|iPhone
		{30744326-67E5-48CE-BB96-DD1C5DAEEC81}.Debug|iPhoneSimulator.ActiveCfg = Debug|iPhoneSimulator
		{30744326-67E5-48CE-BB96-DD1C5DAEEC81}.Debug|iPhoneSimulator.Build.0 = Debug|iPhoneSimulator
		{30744326-67E5-48CE-BB96-DD1C5DAEEC81}.Release|iPhone.ActiveCfg = Release|iPhone
		{30744326-67E5-48CE-BB96-DD1C5DAEEC81}.Release|iPhone.Build.0 = Release|iPhone
		{30744326-67E5-48CE-BB96-DD1C5DAEEC81}.Release|iPhoneSimulator.ActiveCfg = Release|iPhoneSimulator
		{30744326-67E5-48CE-BB96-DD1C5DAEEC81}.Release|iPhoneSimulator.Build.0 = Release|iPhoneSimulator
	EndGlobalSection
	GlobalSection(MonoDevelopProperties) = preSolution
		StartupItem = TestFlightSample.csproj
	EndGlobalSection
EndGlobal
