
Microsoft Visual Studio Solution File, Format Version 11.00
# Visual Studio 2010
Project("{FAE04EC0-301F-11D3-BF4B-00C04F79EFBC}") = "Sample", "Sample.csproj", "{A8A31269-EB43-433C-B06F-1384E4CF4825}"
EndProject
Global
	GlobalSection(SolutionConfigurationPlatforms) = preSolution
		Debug|iPhoneSimulator = Debug|iPhoneSimulator
		Release|iPhoneSimulator = Release|iPhoneSimulator
		Debug|iPhone = Debug|iPhone
		Release|iPhone = Release|iPhone
		Ad-Hoc|iPhone = Ad-Hoc|iPhone
		AppStore|iPhone = AppStore|iPhone
	EndGlobalSection
	GlobalSection(ProjectConfigurationPlatforms) = postSolution
		{A8A31269-EB43-433C-B06F-1384E4CF4825}.Ad-Hoc|iPhone.ActiveCfg = Ad-Hoc|iPhone
		{A8A31269-EB43-433C-B06F-1384E4CF4825}.Ad-Hoc|iPhone.Build.0 = Ad-Hoc|iPhone
		{A8A31269-EB43-433C-B06F-1384E4CF4825}.AppStore|iPhone.ActiveCfg = AppStore|iPhone
		{A8A31269-EB43-433C-B06F-1384E4CF4825}.AppStore|iPhone.Build.0 = AppStore|iPhone
		{A8A31269-EB43-433C-B06F-1384E4CF4825}.Debug|iPhone.ActiveCfg = Debug|iPhone
		{A8A31269-EB43-433C-B06F-1384E4CF4825}.Debug|iPhone.Build.0 = Debug|iPhone
		{A8A31269-EB43-433C-B06F-1384E4CF4825}.Debug|iPhoneSimulator.ActiveCfg = Debug|iPhoneSimulator
		{A8A31269-EB43-433C-B06F-1384E4CF4825}.Debug|iPhoneSimulator.Build.0 = Debug|iPhoneSimulator
		{A8A31269-EB43-433C-B06F-1384E4CF4825}.Release|iPhone.ActiveCfg = Release|iPhone
		{A8A31269-EB43-433C-B06F-1384E4CF4825}.Release|iPhone.Build.0 = Release|iPhone
		{A8A31269-EB43-433C-B06F-1384E4CF4825}.Release|iPhoneSimulator.ActiveCfg = Release|iPhoneSimulator
		{A8A31269-EB43-433C-B06F-1384E4CF4825}.Release|iPhoneSimulator.Build.0 = Release|iPhoneSimulator
	EndGlobalSection
	GlobalSection(MonoDevelopProperties) = preSolution
		StartupItem = Sample.csproj
	EndGlobalSection
EndGlobal
