
Microsoft Visual Studio Solution File, Format Version 11.00
# Visual Studio 2010
Project("{FAE04EC0-301F-11D3-BF4B-00C04F79EFBC}") = "CuteAnimalsiOS", "CuteAnimalsiOS\CuteAnimalsiOS.csproj", "{EBF60C41-86FD-4FFC-853A-72591179EDB8}"
EndProject
Global
	GlobalSection(SolutionConfigurationPlatforms) = preSolution
		Debug|iPhoneSimulator = Debug|iPhoneSimulator
		Release|iPhoneSimulator = Release|iPhoneSimulator
		Debug|iPhone = Debug|iPhone
		Release|iPhone = Release|iPhone
		Ad-Hoc|iPhone = Ad-Hoc|iPhone
		AppStore|iPhone = AppStore|iPhone
	EndGlobalSection
	GlobalSection(ProjectConfigurationPlatforms) = postSolution
		{EBF60C41-86FD-4FFC-853A-72591179EDB8}.Ad-Hoc|iPhone.ActiveCfg = Ad-Hoc|iPhone
		{EBF60C41-86FD-4FFC-853A-72591179EDB8}.Ad-Hoc|iPhone.Build.0 = Ad-Hoc|iPhone
		{EBF60C41-86FD-4FFC-853A-72591179EDB8}.AppStore|iPhone.ActiveCfg = AppStore|iPhone
		{EBF60C41-86FD-4FFC-853A-72591179EDB8}.AppStore|iPhone.Build.0 = AppStore|iPhone
		{EBF60C41-86FD-4FFC-853A-72591179EDB8}.Debug|iPhone.ActiveCfg = Debug|iPhone
		{EBF60C41-86FD-4FFC-853A-72591179EDB8}.Debug|iPhone.Build.0 = Debug|iPhone
		{EBF60C41-86FD-4FFC-853A-72591179EDB8}.Debug|iPhoneSimulator.ActiveCfg = Debug|iPhoneSimulator
		{EBF60C41-86FD-4FFC-853A-72591179EDB8}.Debug|iPhoneSimulator.Build.0 = Debug|iPhoneSimulator
		{EBF60C41-86FD-4FFC-853A-72591179EDB8}.Release|iPhone.ActiveCfg = Release|iPhone
		{EBF60C41-86FD-4FFC-853A-72591179EDB8}.Release|iPhone.Build.0 = Release|iPhone
		{EBF60C41-86FD-4FFC-853A-72591179EDB8}.Release|iPhoneSimulator.ActiveCfg = Release|iPhoneSimulator
		{EBF60C41-86FD-4FFC-853A-72591179EDB8}.Release|iPhoneSimulator.Build.0 = Release|iPhoneSimulator
	EndGlobalSection
	GlobalSection(MonoDevelopProperties) = preSolution
		StartupItem = CuteAnimalsiOS\CuteAnimalsiOS.csproj
	EndGlobalSection
EndGlobal
